// !$*UTF8*$!
{
	archiveVersion = 1;
	classes = {
	};
	objectVersion = 46;
	objects = {

/* Begin PBXBuildFile section */
		B20BA1D519C2897400345CEC /* Images.xcassets in Resources */ = {isa = PBXBuildFile; fileRef = B20BA1D419C2897400345CEC /* Images.xcassets */; };
		B20BA1D919C28DF600345CEC /* AppIcon29x29@2x.png in Resources */ = {isa = PBXBuildFile; fileRef = B20BA1D619C28DF600345CEC /* AppIcon29x29@2x.png */; };
		B20BA1DA19C28DF600345CEC /* AppIcon40x40@2x.png in Resources */ = {isa = PBXBuildFile; fileRef = B20BA1D719C28DF600345CEC /* AppIcon40x40@2x.png */; };
		B20BA1DB19C28DF600345CEC /* AppIcon60x60@2x.png in Resources */ = {isa = PBXBuildFile; fileRef = B20BA1D819C28DF600345CEC /* AppIcon60x60@2x.png */; };
		B225AF8B19C2DB1A00541DF9 /* initial_background-568h.png in Resources */ = {isa = PBXBuildFile; fileRef = B225AF8819C2DB1A00541DF9 /* initial_background-568h.png */; };
		B225AF8C19C2DB1A00541DF9 /* initial_background.png in Resources */ = {isa = PBXBuildFile; fileRef = B225AF8919C2DB1A00541DF9 /* initial_background.png */; };
		B225AF8D19C2DB1A00541DF9 /* initial_background@2x.png in Resources */ = {isa = PBXBuildFile; fileRef = B225AF8A19C2DB1A00541DF9 /* initial_background@2x.png */; };
		B225AFC119C325B400541DF9 /* initial_page_1@2x.png in Resources */ = {isa = PBXBuildFile; fileRef = B225AFBD19C325B400541DF9 /* initial_page_1@2x.png */; };
		B225AFC219C325B400541DF9 /* initial_page_2@2x.png in Resources */ = {isa = PBXBuildFile; fileRef = B225AFBE19C325B400541DF9 /* initial_page_2@2x.png */; };
		B225AFC319C325B400541DF9 /* initial_page_3@2x.png in Resources */ = {isa = PBXBuildFile; fileRef = B225AFBF19C325B400541DF9 /* initial_page_3@2x.png */; };
		B225AFC419C325B400541DF9 /* initial_page_4@2x.png in Resources */ = {isa = PBXBuildFile; fileRef = B225AFC019C325B400541DF9 /* initial_page_4@2x.png */; };
		B225AFC719C32E3C00541DF9 /* initial_button_normal@2x.png in Resources */ = {isa = PBXBuildFile; fileRef = B225AFC519C32E3C00541DF9 /* initial_button_normal@2x.png */; };
		B225AFC819C32E3C00541DF9 /* initial_button_selected@2x.png in Resources */ = {isa = PBXBuildFile; fileRef = B225AFC619C32E3C00541DF9 /* initial_button_selected@2x.png */; };
		B225AFCD19C3420C00541DF9 /* app_laungh-568h.png in Resources */ = {isa = PBXBuildFile; fileRef = B225AFCA19C3420C00541DF9 /* app_laungh-568h.png */; };
		B225AFCE19C3420C00541DF9 /* app_laungh.png in Resources */ = {isa = PBXBuildFile; fileRef = B225AFCB19C3420C00541DF9 /* app_laungh.png */; };
		B225AFCF19C3420C00541DF9 /* app_laungh@2x.png in Resources */ = {isa = PBXBuildFile; fileRef = B225AFCC19C3420C00541DF9 /* app_laungh@2x.png */; };
		B225AFD719C4780200541DF9 /* UIImage+Extend.m in Sources */ = {isa = PBXBuildFile; fileRef = B225AFD619C4780200541DF9 /* UIImage+Extend.m */; };
		B28F55A819C47C5C003EF286 /* MBProgressHUD.m in Sources */ = {isa = PBXBuildFile; fileRef = B28F55A519C47C5C003EF286 /* MBProgressHUD.m */; };
		B28F55AE19C47C7F003EF286 /* AuthController.m in Sources */ = {isa = PBXBuildFile; fileRef = B28F55AB19C47C7F003EF286 /* AuthController.m */; };
		B28F55AF19C47C7F003EF286 /* AuthWeiboController.m in Sources */ = {isa = PBXBuildFile; fileRef = B28F55AD19C47C7F003EF286 /* AuthWeiboController.m */; };
		B28F55B319C47C94003EF286 /* InitialController.m in Sources */ = {isa = PBXBuildFile; fileRef = B28F55B219C47C94003EF286 /* InitialController.m */; };
		B28F55C919C47E07003EF286 /* AFHTTPRequestOperation.m in Sources */ = {isa = PBXBuildFile; fileRef = B28F55B719C47E07003EF286 /* AFHTTPRequestOperation.m */; };
		B28F55CA19C47E07003EF286 /* AFHTTPRequestOperationManager.m in Sources */ = {isa = PBXBuildFile; fileRef = B28F55B919C47E07003EF286 /* AFHTTPRequestOperationManager.m */; };
		B28F55CB19C47E07003EF286 /* AFHTTPSessionManager.m in Sources */ = {isa = PBXBuildFile; fileRef = B28F55BB19C47E07003EF286 /* AFHTTPSessionManager.m */; };
		B28F55CC19C47E07003EF286 /* AFNetworkReachabilityManager.m in Sources */ = {isa = PBXBuildFile; fileRef = B28F55BE19C47E07003EF286 /* AFNetworkReachabilityManager.m */; };
		B28F55CD19C47E07003EF286 /* AFSecurityPolicy.m in Sources */ = {isa = PBXBuildFile; fileRef = B28F55C019C47E07003EF286 /* AFSecurityPolicy.m */; };
		B28F55CE19C47E07003EF286 /* AFURLConnectionOperation.m in Sources */ = {isa = PBXBuildFile; fileRef = B28F55C219C47E07003EF286 /* AFURLConnectionOperation.m */; };
		B28F55CF19C47E07003EF286 /* AFURLRequestSerialization.m in Sources */ = {isa = PBXBuildFile; fileRef = B28F55C419C47E07003EF286 /* AFURLRequestSerialization.m */; };
		B28F55D019C47E07003EF286 /* AFURLResponseSerialization.m in Sources */ = {isa = PBXBuildFile; fileRef = B28F55C619C47E07003EF286 /* AFURLResponseSerialization.m */; };
		B28F55D119C47E07003EF286 /* AFURLSessionManager.m in Sources */ = {isa = PBXBuildFile; fileRef = B28F55C819C47E07003EF286 /* AFURLSessionManager.m */; };
		B28F55D719C48260003EF286 /* HttpHelper.m in Sources */ = {isa = PBXBuildFile; fileRef = B28F55D619C48260003EF286 /* HttpHelper.m */; };
		B2DFAFEC19C2110B0022ACC9 /* Foundation.framework in Frameworks */ = {isa = PBXBuildFile; fileRef = B2DFAFEB19C2110B0022ACC9 /* Foundation.framework */; };
		B2DFAFEE19C2110B0022ACC9 /* CoreGraphics.framework in Frameworks */ = {isa = PBXBuildFile; fileRef = B2DFAFED19C2110B0022ACC9 /* CoreGraphics.framework */; };
		B2DFAFF019C2110C0022ACC9 /* UIKit.framework in Frameworks */ = {isa = PBXBuildFile; fileRef = B2DFAFEF19C2110C0022ACC9 /* UIKit.framework */; };
		B2DFAFF619C2110C0022ACC9 /* InfoPlist.strings in Resources */ = {isa = PBXBuildFile; fileRef = B2DFAFF419C2110C0022ACC9 /* InfoPlist.strings */; };
		B2DFB00519C2110C0022ACC9 /* XCTest.framework in Frameworks */ = {isa = PBXBuildFile; fileRef = B2DFB00419C2110C0022ACC9 /* XCTest.framework */; };
		B2DFB00619C2110C0022ACC9 /* Foundation.framework in Frameworks */ = {isa = PBXBuildFile; fileRef = B2DFAFEB19C2110B0022ACC9 /* Foundation.framework */; };
		B2DFB00719C2110C0022ACC9 /* UIKit.framework in Frameworks */ = {isa = PBXBuildFile; fileRef = B2DFAFEF19C2110C0022ACC9 /* UIKit.framework */; };
		B2DFB00F19C2110C0022ACC9 /* InfoPlist.strings in Resources */ = {isa = PBXBuildFile; fileRef = B2DFB00D19C2110C0022ACC9 /* InfoPlist.strings */; };
		B2DFB01119C2110C0022ACC9 /* ios_HomebrewWeiboTests.m in Sources */ = {isa = PBXBuildFile; fileRef = B2DFB01019C2110C0022ACC9 /* ios_HomebrewWeiboTests.m */; };
		B2E8D90219C21AA10095AA22 /* AppDelegate.m in Sources */ = {isa = PBXBuildFile; fileRef = B2E8D90019C21AA10095AA22 /* AppDelegate.m */; };
		B2E8D90319C21AA10095AA22 /* main.m in Sources */ = {isa = PBXBuildFile; fileRef = B2E8D90119C21AA10095AA22 /* main.m */; };
		B2FF535719C5459900835A7E /* auth_navitem_cancel@2x.png in Resources */ = {isa = PBXBuildFile; fileRef = B2FF535619C5459900835A7E /* auth_navitem_cancel@2x.png */; };
		B2FF535919C549FA00835A7E /* auth_navbar@2x.png in Resources */ = {isa = PBXBuildFile; fileRef = B2FF535819C549FA00835A7E /* auth_navbar@2x.png */; };
		B2FF536019C5508B00835A7E /* Account.m in Sources */ = {isa = PBXBuildFile; fileRef = B2FF535F19C5508B00835A7E /* Account.m */; };
		B2FF536719C5713800835A7E /* MainController.m in Sources */ = {isa = PBXBuildFile; fileRef = B2FF536619C5713800835A7E /* MainController.m */; };
		B2FF537019C5771500835A7E /* main_tabitem_account.png in Resources */ = {isa = PBXBuildFile; fileRef = B2FF536919C5771500835A7E /* main_tabitem_account.png */; };
		B2FF537119C5771500835A7E /* main_tabitem_cog.png in Resources */ = {isa = PBXBuildFile; fileRef = B2FF536A19C5771500835A7E /* main_tabitem_cog.png */; };
		B2FF537219C5771500835A7E /* main_tabitem_home.png in Resources */ = {isa = PBXBuildFile; fileRef = B2FF536B19C5771500835A7E /* main_tabitem_home.png */; };
		B2FF537319C5771500835A7E /* main_tabitem_message.png in Resources */ = {isa = PBXBuildFile; fileRef = B2FF536C19C5771500835A7E /* main_tabitem_message.png */; };
		B2FF537419C5771500835A7E /* main_tabitem_post.png in Resources */ = {isa = PBXBuildFile; fileRef = B2FF536D19C5771500835A7E /* main_tabitem_post.png */; };
		B2FF537519C5771500835A7E /* main_tabitem_post_dark.png in Resources */ = {isa = PBXBuildFile; fileRef = B2FF536E19C5771500835A7E /* main_tabitem_post_dark.png */; };
		B2FF537619C5771500835A7E /* main_tabitem_search.png in Resources */ = {isa = PBXBuildFile; fileRef = B2FF536F19C5771500835A7E /* main_tabitem_search.png */; };
/* End PBXBuildFile section */

/* Begin PBXContainerItemProxy section */
		B2DFB00819C2110C0022ACC9 /* PBXContainerItemProxy */ = {
			isa = PBXContainerItemProxy;
			containerPortal = B2DFAFE019C2110B0022ACC9 /* Project object */;
			proxyType = 1;
			remoteGlobalIDString = B2DFAFE719C2110B0022ACC9;
			remoteInfo = ios_HomebrewWeibo;
		};
/* End PBXContainerItemProxy section */

/* Begin PBXFileReference section */
		B20BA1D419C2897400345CEC /* Images.xcassets */ = {isa = PBXFileReference; lastKnownFileType = folder.assetcatalog; path = Images.xcassets; sourceTree = "<group>"; };
		B20BA1D619C28DF600345CEC /* AppIcon29x29@2x.png */ = {isa = PBXFileReference; lastKnownFileType = image.png; path = "AppIcon29x29@2x.png"; sourceTree = "<group>"; };
		B20BA1D719C28DF600345CEC /* AppIcon40x40@2x.png */ = {isa = PBXFileReference; lastKnownFileType = image.png; path = "AppIcon40x40@2x.png"; sourceTree = "<group>"; };
		B20BA1D819C28DF600345CEC /* AppIcon60x60@2x.png */ = {isa = PBXFileReference; lastKnownFileType = image.png; path = "AppIcon60x60@2x.png"; sourceTree = "<group>"; };
		B225AF8819C2DB1A00541DF9 /* initial_background-568h.png */ = {isa = PBXFileReference; lastKnownFileType = image.png; path = "initial_background-568h.png"; sourceTree = "<group>"; };
		B225AF8919C2DB1A00541DF9 /* initial_background.png */ = {isa = PBXFileReference; lastKnownFileType = image.png; path = initial_background.png; sourceTree = "<group>"; };
		B225AF8A19C2DB1A00541DF9 /* initial_background@2x.png */ = {isa = PBXFileReference; lastKnownFileType = image.png; path = "initial_background@2x.png"; sourceTree = "<group>"; };
		B225AFBD19C325B400541DF9 /* initial_page_1@2x.png */ = {isa = PBXFileReference; lastKnownFileType = image.png; path = "initial_page_1@2x.png"; sourceTree = "<group>"; };
		B225AFBE19C325B400541DF9 /* initial_page_2@2x.png */ = {isa = PBXFileReference; lastKnownFileType = image.png; path = "initial_page_2@2x.png"; sourceTree = "<group>"; };
		B225AFBF19C325B400541DF9 /* initial_page_3@2x.png */ = {isa = PBXFileReference; lastKnownFileType = image.png; path = "initial_page_3@2x.png"; sourceTree = "<group>"; };
		B225AFC019C325B400541DF9 /* initial_page_4@2x.png */ = {isa = PBXFileReference; lastKnownFileType = image.png; path = "initial_page_4@2x.png"; sourceTree = "<group>"; };
		B225AFC519C32E3C00541DF9 /* initial_button_normal@2x.png */ = {isa = PBXFileReference; lastKnownFileType = image.png; path = "initial_button_normal@2x.png"; sourceTree = "<group>"; };
		B225AFC619C32E3C00541DF9 /* initial_button_selected@2x.png */ = {isa = PBXFileReference; lastKnownFileType = image.png; path = "initial_button_selected@2x.png"; sourceTree = "<group>"; };
		B225AFC919C3393A00541DF9 /* Common.h */ = {isa = PBXFileReference; fileEncoding = 4; lastKnownFileType = sourcecode.c.h; path = Common.h; sourceTree = "<group>"; };
		B225AFCA19C3420C00541DF9 /* app_laungh-568h.png */ = {isa = PBXFileReference; lastKnownFileType = image.png; path = "app_laungh-568h.png"; sourceTree = "<group>"; };
		B225AFCB19C3420C00541DF9 /* app_laungh.png */ = {isa = PBXFileReference; lastKnownFileType = image.png; path = app_laungh.png; sourceTree = "<group>"; };
		B225AFCC19C3420C00541DF9 /* app_laungh@2x.png */ = {isa = PBXFileReference; lastKnownFileType = image.png; path = "app_laungh@2x.png"; sourceTree = "<group>"; };
		B225AFD519C4780200541DF9 /* UIImage+Extend.h */ = {isa = PBXFileReference; fileEncoding = 4; lastKnownFileType = sourcecode.c.h; path = "UIImage+Extend.h"; sourceTree = "<group>"; };
		B225AFD619C4780200541DF9 /* UIImage+Extend.m */ = {isa = PBXFileReference; fileEncoding = 4; lastKnownFileType = sourcecode.c.objc; path = "UIImage+Extend.m"; sourceTree = "<group>"; };
		B28F55A419C47C5C003EF286 /* MBProgressHUD.h */ = {isa = PBXFileReference; fileEncoding = 4; lastKnownFileType = sourcecode.c.h; path = MBProgressHUD.h; sourceTree = "<group>"; };
		B28F55A519C47C5C003EF286 /* MBProgressHUD.m */ = {isa = PBXFileReference; fileEncoding = 4; lastKnownFileType = sourcecode.c.objc; path = MBProgressHUD.m; sourceTree = "<group>"; };
		B28F55AA19C47C7F003EF286 /* AuthController.h */ = {isa = PBXFileReference; fileEncoding = 4; lastKnownFileType = sourcecode.c.h; path = AuthController.h; sourceTree = "<group>"; };
		B28F55AB19C47C7F003EF286 /* AuthController.m */ = {isa = PBXFileReference; fileEncoding = 4; lastKnownFileType = sourcecode.c.objc; path = AuthController.m; sourceTree = "<group>"; };
		B28F55AC19C47C7F003EF286 /* AuthWeiboController.h */ = {isa = PBXFileReference; fileEncoding = 4; lastKnownFileType = sourcecode.c.h; path = AuthWeiboController.h; sourceTree = "<group>"; };
		B28F55AD19C47C7F003EF286 /* AuthWeiboController.m */ = {isa = PBXFileReference; fileEncoding = 4; lastKnownFileType = sourcecode.c.objc; path = AuthWeiboController.m; sourceTree = "<group>"; };
		B28F55B119C47C94003EF286 /* InitialController.h */ = {isa = PBXFileReference; fileEncoding = 4; lastKnownFileType = sourcecode.c.h; path = InitialController.h; sourceTree = "<group>"; };
		B28F55B219C47C94003EF286 /* InitialController.m */ = {isa = PBXFileReference; fileEncoding = 4; lastKnownFileType = sourcecode.c.objc; path = InitialController.m; sourceTree = "<group>"; };
		B28F55B619C47E07003EF286 /* AFHTTPRequestOperation.h */ = {isa = PBXFileReference; fileEncoding = 4; lastKnownFileType = sourcecode.c.h; path = AFHTTPRequestOperation.h; sourceTree = "<group>"; };
		B28F55B719C47E07003EF286 /* AFHTTPRequestOperation.m */ = {isa = PBXFileReference; fileEncoding = 4; lastKnownFileType = sourcecode.c.objc; path = AFHTTPRequestOperation.m; sourceTree = "<group>"; };
		B28F55B819C47E07003EF286 /* AFHTTPRequestOperationManager.h */ = {isa = PBXFileReference; fileEncoding = 4; lastKnownFileType = sourcecode.c.h; path = AFHTTPRequestOperationManager.h; sourceTree = "<group>"; };
		B28F55B919C47E07003EF286 /* AFHTTPRequestOperationManager.m */ = {isa = PBXFileReference; fileEncoding = 4; lastKnownFileType = sourcecode.c.objc; path = AFHTTPRequestOperationManager.m; sourceTree = "<group>"; };
		B28F55BA19C47E07003EF286 /* AFHTTPSessionManager.h */ = {isa = PBXFileReference; fileEncoding = 4; lastKnownFileType = sourcecode.c.h; path = AFHTTPSessionManager.h; sourceTree = "<group>"; };
		B28F55BB19C47E07003EF286 /* AFHTTPSessionManager.m */ = {isa = PBXFileReference; fileEncoding = 4; lastKnownFileType = sourcecode.c.objc; path = AFHTTPSessionManager.m; sourceTree = "<group>"; };
		B28F55BC19C47E07003EF286 /* AFNetworking.h */ = {isa = PBXFileReference; fileEncoding = 4; lastKnownFileType = sourcecode.c.h; path = AFNetworking.h; sourceTree = "<group>"; };
		B28F55BD19C47E07003EF286 /* AFNetworkReachabilityManager.h */ = {isa = PBXFileReference; fileEncoding = 4; lastKnownFileType = sourcecode.c.h; path = AFNetworkReachabilityManager.h; sourceTree = "<group>"; };
		B28F55BE19C47E07003EF286 /* AFNetworkReachabilityManager.m */ = {isa = PBXFileReference; fileEncoding = 4; lastKnownFileType = sourcecode.c.objc; path = AFNetworkReachabilityManager.m; sourceTree = "<group>"; };
		B28F55BF19C47E07003EF286 /* AFSecurityPolicy.h */ = {isa = PBXFileReference; fileEncoding = 4; lastKnownFileType = sourcecode.c.h; path = AFSecurityPolicy.h; sourceTree = "<group>"; };
		B28F55C019C47E07003EF286 /* AFSecurityPolicy.m */ = {isa = PBXFileReference; fileEncoding = 4; lastKnownFileType = sourcecode.c.objc; path = AFSecurityPolicy.m; sourceTree = "<group>"; };
		B28F55C119C47E07003EF286 /* AFURLConnectionOperation.h */ = {isa = PBXFileReference; fileEncoding = 4; lastKnownFileType = sourcecode.c.h; path = AFURLConnectionOperation.h; sourceTree = "<group>"; };
		B28F55C219C47E07003EF286 /* AFURLConnectionOperation.m */ = {isa = PBXFileReference; fileEncoding = 4; lastKnownFileType = sourcecode.c.objc; path = AFURLConnectionOperation.m; sourceTree = "<group>"; };
		B28F55C319C47E07003EF286 /* AFURLRequestSerialization.h */ = {isa = PBXFileReference; fileEncoding = 4; lastKnownFileType = sourcecode.c.h; path = AFURLRequestSerialization.h; sourceTree = "<group>"; };
		B28F55C419C47E07003EF286 /* AFURLRequestSerialization.m */ = {isa = PBXFileReference; fileEncoding = 4; lastKnownFileType = sourcecode.c.objc; path = AFURLRequestSerialization.m; sourceTree = "<group>"; };
		B28F55C519C47E07003EF286 /* AFURLResponseSerialization.h */ = {isa = PBXFileReference; fileEncoding = 4; lastKnownFileType = sourcecode.c.h; path = AFURLResponseSerialization.h; sourceTree = "<group>"; };
		B28F55C619C47E07003EF286 /* AFURLResponseSerialization.m */ = {isa = PBXFileReference; fileEncoding = 4; lastKnownFileType = sourcecode.c.objc; path = AFURLResponseSerialization.m; sourceTree = "<group>"; };
		B28F55C719C47E07003EF286 /* AFURLSessionManager.h */ = {isa = PBXFileReference; fileEncoding = 4; lastKnownFileType = sourcecode.c.h; path = AFURLSessionManager.h; sourceTree = "<group>"; };
		B28F55C819C47E07003EF286 /* AFURLSessionManager.m */ = {isa = PBXFileReference; fileEncoding = 4; lastKnownFileType = sourcecode.c.objc; path = AFURLSessionManager.m; sourceTree = "<group>"; };
		B28F55D519C48260003EF286 /* HttpHelper.h */ = {isa = PBXFileReference; fileEncoding = 4; lastKnownFileType = sourcecode.c.h; path = HttpHelper.h; sourceTree = "<group>"; };
		B28F55D619C48260003EF286 /* HttpHelper.m */ = {isa = PBXFileReference; fileEncoding = 4; lastKnownFileType = sourcecode.c.objc; path = HttpHelper.m; sourceTree = "<group>"; };
		B2DFAFE819C2110B0022ACC9 /* ios_HomebrewWeibo.app */ = {isa = PBXFileReference; explicitFileType = wrapper.application; includeInIndex = 0; path = ios_HomebrewWeibo.app; sourceTree = BUILT_PRODUCTS_DIR; };
		B2DFAFEB19C2110B0022ACC9 /* Foundation.framework */ = {isa = PBXFileReference; lastKnownFileType = wrapper.framework; name = Foundation.framework; path = System/Library/Frameworks/Foundation.framework; sourceTree = SDKROOT; };
		B2DFAFED19C2110B0022ACC9 /* CoreGraphics.framework */ = {isa = PBXFileReference; lastKnownFileType = wrapper.framework; name = CoreGraphics.framework; path = System/Library/Frameworks/CoreGraphics.framework; sourceTree = SDKROOT; };
		B2DFAFEF19C2110C0022ACC9 /* UIKit.framework */ = {isa = PBXFileReference; lastKnownFileType = wrapper.framework; name = UIKit.framework; path = System/Library/Frameworks/UIKit.framework; sourceTree = SDKROOT; };
		B2DFAFF319C2110C0022ACC9 /* ios_HomebrewWeibo-Info.plist */ = {isa = PBXFileReference; lastKnownFileType = text.plist.xml; path = "ios_HomebrewWeibo-Info.plist"; sourceTree = "<group>"; };
		B2DFAFF519C2110C0022ACC9 /* en */ = {isa = PBXFileReference; lastKnownFileType = text.plist.strings; name = en; path = en.lproj/InfoPlist.strings; sourceTree = "<group>"; };
		B2DFAFF919C2110C0022ACC9 /* ios_HomebrewWeibo-Prefix.pch */ = {isa = PBXFileReference; lastKnownFileType = sourcecode.c.h; path = "ios_HomebrewWeibo-Prefix.pch"; sourceTree = "<group>"; };
		B2DFB00319C2110C0022ACC9 /* ios_HomebrewWeiboTests.xctest */ = {isa = PBXFileReference; explicitFileType = wrapper.cfbundle; includeInIndex = 0; path = ios_HomebrewWeiboTests.xctest; sourceTree = BUILT_PRODUCTS_DIR; };
		B2DFB00419C2110C0022ACC9 /* XCTest.framework */ = {isa = PBXFileReference; lastKnownFileType = wrapper.framework; name = XCTest.framework; path = Library/Frameworks/XCTest.framework; sourceTree = DEVELOPER_DIR; };
		B2DFB00C19C2110C0022ACC9 /* ios_HomebrewWeiboTests-Info.plist */ = {isa = PBXFileReference; lastKnownFileType = text.plist.xml; path = "ios_HomebrewWeiboTests-Info.plist"; sourceTree = "<group>"; };
		B2DFB00E19C2110C0022ACC9 /* en */ = {isa = PBXFileReference; lastKnownFileType = text.plist.strings; name = en; path = en.lproj/InfoPlist.strings; sourceTree = "<group>"; };
		B2DFB01019C2110C0022ACC9 /* ios_HomebrewWeiboTests.m */ = {isa = PBXFileReference; lastKnownFileType = sourcecode.c.objc; path = ios_HomebrewWeiboTests.m; sourceTree = "<group>"; };
		B2E8D8FF19C21AA10095AA22 /* AppDelegate.h */ = {isa = PBXFileReference; fileEncoding = 4; lastKnownFileType = sourcecode.c.h; path = AppDelegate.h; sourceTree = "<group>"; };
		B2E8D90019C21AA10095AA22 /* AppDelegate.m */ = {isa = PBXFileReference; fileEncoding = 4; lastKnownFileType = sourcecode.c.objc; path = AppDelegate.m; sourceTree = "<group>"; };
		B2E8D90119C21AA10095AA22 /* main.m */ = {isa = PBXFileReference; fileEncoding = 4; lastKnownFileType = sourcecode.c.objc; path = main.m; sourceTree = "<group>"; };
		B2FF535619C5459900835A7E /* auth_navitem_cancel@2x.png */ = {isa = PBXFileReference; lastKnownFileType = image.png; path = "auth_navitem_cancel@2x.png"; sourceTree = "<group>"; };
		B2FF535819C549FA00835A7E /* auth_navbar@2x.png */ = {isa = PBXFileReference; lastKnownFileType = image.png; path = "auth_navbar@2x.png"; sourceTree = "<group>"; };
		B2FF535E19C5508B00835A7E /* Account.h */ = {isa = PBXFileReference; fileEncoding = 4; lastKnownFileType = sourcecode.c.h; path = Account.h; sourceTree = "<group>"; };
		B2FF535F19C5508B00835A7E /* Account.m */ = {isa = PBXFileReference; fileEncoding = 4; lastKnownFileType = sourcecode.c.objc; path = Account.m; sourceTree = "<group>"; };
		B2FF536519C5713800835A7E /* MainController.h */ = {isa = PBXFileReference; fileEncoding = 4; lastKnownFileType = sourcecode.c.h; path = MainController.h; sourceTree = "<group>"; };
		B2FF536619C5713800835A7E /* MainController.m */ = {isa = PBXFileReference; fileEncoding = 4; lastKnownFileType = sourcecode.c.objc; path = MainController.m; sourceTree = "<group>"; };
		B2FF536919C5771500835A7E /* main_tabitem_account.png */ = {isa = PBXFileReference; lastKnownFileType = image.png; path = main_tabitem_account.png; sourceTree = "<group>"; };
		B2FF536A19C5771500835A7E /* main_tabitem_cog.png */ = {isa = PBXFileReference; lastKnownFileType = image.png; path = main_tabitem_cog.png; sourceTree = "<group>"; };
		B2FF536B19C5771500835A7E /* main_tabitem_home.png */ = {isa = PBXFileReference; lastKnownFileType = image.png; path = main_tabitem_home.png; sourceTree = "<group>"; };
		B2FF536C19C5771500835A7E /* main_tabitem_message.png */ = {isa = PBXFileReference; lastKnownFileType = image.png; path = main_tabitem_message.png; sourceTree = "<group>"; };
		B2FF536D19C5771500835A7E /* main_tabitem_post.png */ = {isa = PBXFileReference; lastKnownFileType = image.png; path = main_tabitem_post.png; sourceTree = "<group>"; };
		B2FF536E19C5771500835A7E /* main_tabitem_post_dark.png */ = {isa = PBXFileReference; lastKnownFileType = image.png; path = main_tabitem_post_dark.png; sourceTree = "<group>"; };
		B2FF536F19C5771500835A7E /* main_tabitem_search.png */ = {isa = PBXFileReference; lastKnownFileType = image.png; path = main_tabitem_search.png; sourceTree = "<group>"; };
/* End PBXFileReference section */

/* Begin PBXFrameworksBuildPhase section */
		B2DFAFE519C2110B0022ACC9 /* Frameworks */ = {
			isa = PBXFrameworksBuildPhase;
			buildActionMask = 2147483647;
			files = (
				B2DFAFEE19C2110B0022ACC9 /* CoreGraphics.framework in Frameworks */,
				B2DFAFF019C2110C0022ACC9 /* UIKit.framework in Frameworks */,
				B2DFAFEC19C2110B0022ACC9 /* Foundation.framework in Frameworks */,
			);
			runOnlyForDeploymentPostprocessing = 0;
		};
		B2DFB00019C2110C0022ACC9 /* Frameworks */ = {
			isa = PBXFrameworksBuildPhase;
			buildActionMask = 2147483647;
			files = (
				B2DFB00519C2110C0022ACC9 /* XCTest.framework in Frameworks */,
				B2DFB00719C2110C0022ACC9 /* UIKit.framework in Frameworks */,
				B2DFB00619C2110C0022ACC9 /* Foundation.framework in Frameworks */,
			);
			runOnlyForDeploymentPostprocessing = 0;
		};
/* End PBXFrameworksBuildPhase section */

/* Begin PBXGroup section */
		B225AF7B19C2D4E600541DF9 /* Initial */ = {
			isa = PBXGroup;
			children = (
				B225AFC519C32E3C00541DF9 /* initial_button_normal@2x.png */,
				B225AFC619C32E3C00541DF9 /* initial_button_selected@2x.png */,
				B225AFBD19C325B400541DF9 /* initial_page_1@2x.png */,
				B225AFBE19C325B400541DF9 /* initial_page_2@2x.png */,
				B225AFBF19C325B400541DF9 /* initial_page_3@2x.png */,
				B225AFC019C325B400541DF9 /* initial_page_4@2x.png */,
				B225AF8819C2DB1A00541DF9 /* initial_background-568h.png */,
				B225AF8919C2DB1A00541DF9 /* initial_background.png */,
				B225AF8A19C2DB1A00541DF9 /* initial_background@2x.png */,
			);
			path = Initial;
			sourceTree = "<group>";
		};
		B225AFD419C4780200541DF9 /* Utils */ = {
			isa = PBXGroup;
			children = (
				B225AFD519C4780200541DF9 /* UIImage+Extend.h */,
				B225AFD619C4780200541DF9 /* UIImage+Extend.m */,
				B28F55D519C48260003EF286 /* HttpHelper.h */,
				B28F55D619C48260003EF286 /* HttpHelper.m */,
			);
			path = Utils;
			sourceTree = "<group>";
		};
		B28D208319C281AC00C71495 /* Icons */ = {
			isa = PBXGroup;
			children = (
				B225AFCA19C3420C00541DF9 /* app_laungh-568h.png */,
				B225AFCB19C3420C00541DF9 /* app_laungh.png */,
				B225AFCC19C3420C00541DF9 /* app_laungh@2x.png */,
				B20BA1D619C28DF600345CEC /* AppIcon29x29@2x.png */,
				B20BA1D719C28DF600345CEC /* AppIcon40x40@2x.png */,
				B20BA1D819C28DF600345CEC /* AppIcon60x60@2x.png */,
			);
			path = Icons;
			sourceTree = "<group>";
		};
		B28F559219C47C2E003EF286 /* Auth */ = {
			isa = PBXGroup;
			children = (
				B28F55A919C47C7F003EF286 /* Controller */,
				B2FF535A19C54FF700835A7E /* Model */,
			);
			path = Auth;
			sourceTree = "<group>";
		};
		B28F559719C47C2E003EF286 /* Initial */ = {
			isa = PBXGroup;
			children = (
				B28F55B019C47C94003EF286 /* Controller */,
			);
			path = Initial;
			sourceTree = "<group>";
		};
		B28F559A19C47C2E003EF286 /* Main */ = {
			isa = PBXGroup;
			children = (
				B2FF536119C56E9400835A7E /* Controller */,
			);
			path = Main;
			sourceTree = "<group>";
		};
		B28F559E19C47C5C003EF286 /* Vendors */ = {
			isa = PBXGroup;
			children = (
				B28F55B519C47E07003EF286 /* AFNetworking */,
				B28F55A319C47C5C003EF286 /* MBProgressHUD */,
			);
			path = Vendors;
			sourceTree = "<group>";
		};
		B28F55A319C47C5C003EF286 /* MBProgressHUD */ = {
			isa = PBXGroup;
			children = (
				B28F55A419C47C5C003EF286 /* MBProgressHUD.h */,
				B28F55A519C47C5C003EF286 /* MBProgressHUD.m */,
			);
			path = MBProgressHUD;
			sourceTree = "<group>";
		};
		B28F55A919C47C7F003EF286 /* Controller */ = {
			isa = PBXGroup;
			children = (
				B28F55AA19C47C7F003EF286 /* AuthController.h */,
				B28F55AB19C47C7F003EF286 /* AuthController.m */,
				B28F55AC19C47C7F003EF286 /* AuthWeiboController.h */,
				B28F55AD19C47C7F003EF286 /* AuthWeiboController.m */,
			);
			path = Controller;
			sourceTree = "<group>";
		};
		B28F55B019C47C94003EF286 /* Controller */ = {
			isa = PBXGroup;
			children = (
				B28F55B119C47C94003EF286 /* InitialController.h */,
				B28F55B219C47C94003EF286 /* InitialController.m */,
			);
			path = Controller;
			sourceTree = "<group>";
		};
		B28F55B519C47E07003EF286 /* AFNetworking */ = {
			isa = PBXGroup;
			children = (
				B28F55B619C47E07003EF286 /* AFHTTPRequestOperation.h */,
				B28F55B719C47E07003EF286 /* AFHTTPRequestOperation.m */,
				B28F55B819C47E07003EF286 /* AFHTTPRequestOperationManager.h */,
				B28F55B919C47E07003EF286 /* AFHTTPRequestOperationManager.m */,
				B28F55BA19C47E07003EF286 /* AFHTTPSessionManager.h */,
				B28F55BB19C47E07003EF286 /* AFHTTPSessionManager.m */,
				B28F55BC19C47E07003EF286 /* AFNetworking.h */,
				B28F55BD19C47E07003EF286 /* AFNetworkReachabilityManager.h */,
				B28F55BE19C47E07003EF286 /* AFNetworkReachabilityManager.m */,
				B28F55BF19C47E07003EF286 /* AFSecurityPolicy.h */,
				B28F55C019C47E07003EF286 /* AFSecurityPolicy.m */,
				B28F55C119C47E07003EF286 /* AFURLConnectionOperation.h */,
				B28F55C219C47E07003EF286 /* AFURLConnectionOperation.m */,
				B28F55C319C47E07003EF286 /* AFURLRequestSerialization.h */,
				B28F55C419C47E07003EF286 /* AFURLRequestSerialization.m */,
				B28F55C519C47E07003EF286 /* AFURLResponseSerialization.h */,
				B28F55C619C47E07003EF286 /* AFURLResponseSerialization.m */,
				B28F55C719C47E07003EF286 /* AFURLSessionManager.h */,
				B28F55C819C47E07003EF286 /* AFURLSessionManager.m */,
			);
			path = AFNetworking;
			sourceTree = "<group>";
		};
		B2DFAFDF19C2110B0022ACC9 = {
			isa = PBXGroup;
			children = (
				B2DFAFF119C2110C0022ACC9 /* ios_HomebrewWeibo */,
				B2DFB00A19C2110C0022ACC9 /* ios_HomebrewWeiboTests */,
				B2DFAFEA19C2110B0022ACC9 /* Frameworks */,
				B2DFAFE919C2110B0022ACC9 /* Products */,
			);
			sourceTree = "<group>";
		};
		B2DFAFE919C2110B0022ACC9 /* Products */ = {
			isa = PBXGroup;
			children = (
				B2DFAFE819C2110B0022ACC9 /* ios_HomebrewWeibo.app */,
				B2DFB00319C2110C0022ACC9 /* ios_HomebrewWeiboTests.xctest */,
			);
			name = Products;
			sourceTree = "<group>";
		};
		B2DFAFEA19C2110B0022ACC9 /* Frameworks */ = {
			isa = PBXGroup;
			children = (
				B2DFAFEB19C2110B0022ACC9 /* Foundation.framework */,
				B2DFAFED19C2110B0022ACC9 /* CoreGraphics.framework */,
				B2DFAFEF19C2110C0022ACC9 /* UIKit.framework */,
				B2DFB00419C2110C0022ACC9 /* XCTest.framework */,
			);
			name = Frameworks;
			sourceTree = "<group>";
		};
		B2DFAFF119C2110C0022ACC9 /* ios_HomebrewWeibo */ = {
			isa = PBXGroup;
			children = (
				B2E8D8FE19C21A770095AA22 /* Classes */,
				B20BA1D419C2897400345CEC /* Images.xcassets */,
				B2DFAFF219C2110C0022ACC9 /* Supporting Files */,
			);
			path = ios_HomebrewWeibo;
			sourceTree = "<group>";
		};
		B2DFAFF219C2110C0022ACC9 /* Supporting Files */ = {
			isa = PBXGroup;
			children = (
				B2E8D8F119C219F10095AA22 /* Resources */,
				B2DFAFF319C2110C0022ACC9 /* ios_HomebrewWeibo-Info.plist */,
				B2DFAFF419C2110C0022ACC9 /* InfoPlist.strings */,
				B2DFAFF919C2110C0022ACC9 /* ios_HomebrewWeibo-Prefix.pch */,
			);
			name = "Supporting Files";
			sourceTree = "<group>";
		};
		B2DFB00A19C2110C0022ACC9 /* ios_HomebrewWeiboTests */ = {
			isa = PBXGroup;
			children = (
				B2DFB01019C2110C0022ACC9 /* ios_HomebrewWeiboTests.m */,
				B2DFB00B19C2110C0022ACC9 /* Supporting Files */,
			);
			path = ios_HomebrewWeiboTests;
			sourceTree = "<group>";
		};
		B2DFB00B19C2110C0022ACC9 /* Supporting Files */ = {
			isa = PBXGroup;
			children = (
				B2DFB00C19C2110C0022ACC9 /* ios_HomebrewWeiboTests-Info.plist */,
				B2DFB00D19C2110C0022ACC9 /* InfoPlist.strings */,
			);
			name = "Supporting Files";
			sourceTree = "<group>";
		};
		B2E8D8F119C219F10095AA22 /* Resources */ = {
			isa = PBXGroup;
			children = (
				B2E8D8F219C219F10095AA22 /* Images */,
			);
			path = Resources;
			sourceTree = "<group>";
		};
		B2E8D8F219C219F10095AA22 /* Images */ = {
			isa = PBXGroup;
			children = (
				B2FF535119C5416D00835A7E /* Auth */,
				B225AF7B19C2D4E600541DF9 /* Initial */,
				B2FF536819C5771500835A7E /* Main */,
				B28D208319C281AC00C71495 /* Icons */,
			);
			path = Images;
			sourceTree = "<group>";
		};
		B2E8D8FE19C21A770095AA22 /* Classes */ = {
			isa = PBXGroup;
			children = (
				B28F559219C47C2E003EF286 /* Auth */,
				B28F559719C47C2E003EF286 /* Initial */,
				B28F559A19C47C2E003EF286 /* Main */,
				B2FF537919C5784900835A7E /* Home */,
				B2FF537C19C579CA00835A7E /* Message */,
				B2FF537F19C579D700835A7E /* Post */,
				B2FF538219C579D700835A7E /* Search */,
				B2FF538519C579D700835A7E /* User */,
				B2FF538819C579FB00835A7E /* Setting */,
				B225AFD419C4780200541DF9 /* Utils */,
				B28F559E19C47C5C003EF286 /* Vendors */,
				B2E8D8FF19C21AA10095AA22 /* AppDelegate.h */,
				B2E8D90019C21AA10095AA22 /* AppDelegate.m */,
				B2E8D90119C21AA10095AA22 /* main.m */,
				B225AFC919C3393A00541DF9 /* Common.h */,
			);
			path = Classes;
			sourceTree = "<group>";
		};
		B2FF535119C5416D00835A7E /* Auth */ = {
			isa = PBXGroup;
			children = (
				B2FF535619C5459900835A7E /* auth_navitem_cancel@2x.png */,
				B2FF535819C549FA00835A7E /* auth_navbar@2x.png */,
			);
			path = Auth;
			sourceTree = "<group>";
		};
		B2FF535A19C54FF700835A7E /* Model */ = {
			isa = PBXGroup;
			children = (
				B2FF535E19C5508B00835A7E /* Account.h */,
				B2FF535F19C5508B00835A7E /* Account.m */,
			);
			path = Model;
			sourceTree = "<group>";
		};
		B2FF536119C56E9400835A7E /* Controller */ = {
			isa = PBXGroup;
			children = (
				B2FF536519C5713800835A7E /* MainController.h */,
				B2FF536619C5713800835A7E /* MainController.m */,
			);
			path = Controller;
			sourceTree = "<group>";
		};
		B2FF536819C5771500835A7E /* Main */ = {
			isa = PBXGroup;
			children = (
				B2FF536919C5771500835A7E /* main_tabitem_account.png */,
				B2FF536A19C5771500835A7E /* main_tabitem_cog.png */,
				B2FF536B19C5771500835A7E /* main_tabitem_home.png */,
				B2FF536C19C5771500835A7E /* main_tabitem_message.png */,
				B2FF536D19C5771500835A7E /* main_tabitem_post.png */,
				B2FF536E19C5771500835A7E /* main_tabitem_post_dark.png */,
				B2FF536F19C5771500835A7E /* main_tabitem_search.png */,
			);
			path = Main;
			sourceTree = "<group>";
		};
		B2FF537919C5784900835A7E /* Home */ = {
			isa = PBXGroup;
			children = (
				B2FF537A19C5784900835A7E /* Controller */,
				B2FF537B19C5784900835A7E /* Model */,
			);
			path = Home;
			sourceTree = "<group>";
		};
		B2FF537A19C5784900835A7E /* Controller */ = {
			isa = PBXGroup;
			children = (
			);
			path = Controller;
			sourceTree = "<group>";
		};
		B2FF537B19C5784900835A7E /* Model */ = {
			isa = PBXGroup;
			children = (
			);
			path = Model;
			sourceTree = "<group>";
		};
		B2FF537C19C579CA00835A7E /* Message */ = {
			isa = PBXGroup;
			children = (
				B2FF537D19C579CA00835A7E /* Controller */,
				B2FF537E19C579CA00835A7E /* Model */,
			);
			path = Message;
			sourceTree = "<group>";
		};
		B2FF537D19C579CA00835A7E /* Controller */ = {
			isa = PBXGroup;
			children = (
			);
			path = Controller;
			sourceTree = "<group>";
		};
		B2FF537E19C579CA00835A7E /* Model */ = {
			isa = PBXGroup;
			children = (
			);
			path = Model;
			sourceTree = "<group>";
		};
		B2FF537F19C579D700835A7E /* Post */ = {
			isa = PBXGroup;
			children = (
				B2FF538019C579D700835A7E /* Controller */,
				B2FF538119C579D700835A7E /* Model */,
			);
			path = Post;
			sourceTree = "<group>";
		};
		B2FF538019C579D700835A7E /* Controller */ = {
			isa = PBXGroup;
			children = (
			);
			path = Controller;
			sourceTree = "<group>";
		};
		B2FF538119C579D700835A7E /* Model */ = {
			isa = PBXGroup;
			children = (
			);
			path = Model;
			sourceTree = "<group>";
		};
		B2FF538219C579D700835A7E /* Search */ = {
			isa = PBXGroup;
			children = (
				B2FF538319C579D700835A7E /* Controller */,
				B2FF538419C579D700835A7E /* Model */,
			);
			path = Search;
			sourceTree = "<group>";
		};
		B2FF538319C579D700835A7E /* Controller */ = {
			isa = PBXGroup;
			children = (
			);
			path = Controller;
			sourceTree = "<group>";
		};
		B2FF538419C579D700835A7E /* Model */ = {
			isa = PBXGroup;
			children = (
			);
			path = Model;
			sourceTree = "<group>";
		};
		B2FF538519C579D700835A7E /* User */ = {
			isa = PBXGroup;
			children = (
				B2FF538619C579D700835A7E /* Controller */,
				B2FF538719C579D700835A7E /* Model */,
			);
			path = User;
			sourceTree = "<group>";
		};
		B2FF538619C579D700835A7E /* Controller */ = {
			isa = PBXGroup;
			children = (
			);
			path = Controller;
			sourceTree = "<group>";
		};
		B2FF538719C579D700835A7E /* Model */ = {
			isa = PBXGroup;
			children = (
			);
			path = Model;
			sourceTree = "<group>";
		};
		B2FF538819C579FB00835A7E /* Setting */ = {
			isa = PBXGroup;
			children = (
				B2FF538919C579FB00835A7E /* Controller */,
				B2FF538A19C579FB00835A7E /* Model */,
			);
			path = Setting;
			sourceTree = "<group>";
		};
		B2FF538919C579FB00835A7E /* Controller */ = {
			isa = PBXGroup;
			children = (
			);
			path = Controller;
			sourceTree = "<group>";
		};
		B2FF538A19C579FB00835A7E /* Model */ = {
			isa = PBXGroup;
			children = (
			);
			path = Model;
			sourceTree = "<group>";
		};
/* End PBXGroup section */

/* Begin PBXNativeTarget section */
		B2DFAFE719C2110B0022ACC9 /* ios_HomebrewWeibo */ = {
			isa = PBXNativeTarget;
			buildConfigurationList = B2DFB01419C2110C0022ACC9 /* Build configuration list for PBXNativeTarget "ios_HomebrewWeibo" */;
			buildPhases = (
				B2DFAFE419C2110B0022ACC9 /* Sources */,
				B2DFAFE519C2110B0022ACC9 /* Frameworks */,
				B2DFAFE619C2110B0022ACC9 /* Resources */,
			);
			buildRules = (
			);
			dependencies = (
			);
			name = ios_HomebrewWeibo;
			productName = ios_HomebrewWeibo;
			productReference = B2DFAFE819C2110B0022ACC9 /* ios_HomebrewWeibo.app */;
			productType = "com.apple.product-type.application";
		};
		B2DFB00219C2110C0022ACC9 /* ios_HomebrewWeiboTests */ = {
			isa = PBXNativeTarget;
			buildConfigurationList = B2DFB01719C2110C0022ACC9 /* Build configuration list for PBXNativeTarget "ios_HomebrewWeiboTests" */;
			buildPhases = (
				B2DFAFFF19C2110C0022ACC9 /* Sources */,
				B2DFB00019C2110C0022ACC9 /* Frameworks */,
				B2DFB00119C2110C0022ACC9 /* Resources */,
			);
			buildRules = (
			);
			dependencies = (
				B2DFB00919C2110C0022ACC9 /* PBXTargetDependency */,
			);
			name = ios_HomebrewWeiboTests;
			productName = ios_HomebrewWeiboTests;
			productReference = B2DFB00319C2110C0022ACC9 /* ios_HomebrewWeiboTests.xctest */;
			productType = "com.apple.product-type.bundle.unit-test";
		};
/* End PBXNativeTarget section */

/* Begin PBXProject section */
		B2DFAFE019C2110B0022ACC9 /* Project object */ = {
			isa = PBXProject;
			attributes = {
				LastUpgradeCheck = 0510;
				ORGANIZATIONNAME = Benny;
				TargetAttributes = {
					B2DFB00219C2110C0022ACC9 = {
						TestTargetID = B2DFAFE719C2110B0022ACC9;
					};
				};
			};
			buildConfigurationList = B2DFAFE319C2110B0022ACC9 /* Build configuration list for PBXProject "ios_HomebrewWeibo" */;
			compatibilityVersion = "Xcode 3.2";
			developmentRegion = English;
			hasScannedForEncodings = 0;
			knownRegions = (
				en,
			);
			mainGroup = B2DFAFDF19C2110B0022ACC9;
			productRefGroup = B2DFAFE919C2110B0022ACC9 /* Products */;
			projectDirPath = "";
			projectRoot = "";
			targets = (
				B2DFAFE719C2110B0022ACC9 /* ios_HomebrewWeibo */,
				B2DFB00219C2110C0022ACC9 /* ios_HomebrewWeiboTests */,
			);
		};
/* End PBXProject section */

/* Begin PBXResourcesBuildPhase section */
		B2DFAFE619C2110B0022ACC9 /* Resources */ = {
			isa = PBXResourcesBuildPhase;
			buildActionMask = 2147483647;
			files = (
				B225AFC119C325B400541DF9 /* initial_page_1@2x.png in Resources */,
				B225AF8B19C2DB1A00541DF9 /* initial_background-568h.png in Resources */,
				B225AFCE19C3420C00541DF9 /* app_laungh.png in Resources */,
				B225AF8C19C2DB1A00541DF9 /* initial_background.png in Resources */,
				B2FF537119C5771500835A7E /* main_tabitem_cog.png in Resources */,
				B20BA1D919C28DF600345CEC /* AppIcon29x29@2x.png in Resources */,
				B2FF537319C5771500835A7E /* main_tabitem_message.png in Resources */,
				B2FF537419C5771500835A7E /* main_tabitem_post.png in Resources */,
				B225AFCF19C3420C00541DF9 /* app_laungh@2x.png in Resources */,
				B20BA1DA19C28DF600345CEC /* AppIcon40x40@2x.png in Resources */,
				B225AFC219C325B400541DF9 /* initial_page_2@2x.png in Resources */,
				B225AF8D19C2DB1A00541DF9 /* initial_background@2x.png in Resources */,
				B2FF537219C5771500835A7E /* main_tabitem_home.png in Resources */,
				B225AFC719C32E3C00541DF9 /* initial_button_normal@2x.png in Resources */,
				B225AFC819C32E3C00541DF9 /* initial_button_selected@2x.png in Resources */,
				B2FF535719C5459900835A7E /* auth_navitem_cancel@2x.png in Resources */,
				B20BA1D519C2897400345CEC /* Images.xcassets in Resources */,
				B2FF535919C549FA00835A7E /* auth_navbar@2x.png in Resources */,
				B2DFAFF619C2110C0022ACC9 /* InfoPlist.strings in Resources */,
				B225AFCD19C3420C00541DF9 /* app_laungh-568h.png in Resources */,
				B225AFC419C325B400541DF9 /* initial_page_4@2x.png in Resources */,
				B2FF537019C5771500835A7E /* main_tabitem_account.png in Resources */,
				B2FF537519C5771500835A7E /* main_tabitem_post_dark.png in Resources */,
				B20BA1DB19C28DF600345CEC /* AppIcon60x60@2x.png in Resources */,
				B225AFC319C325B400541DF9 /* initial_page_3@2x.png in Resources */,
				B2FF537619C5771500835A7E /* main_tabitem_search.png in Resources */,
			);
			runOnlyForDeploymentPostprocessing = 0;
		};
		B2DFB00119C2110C0022ACC9 /* Resources */ = {
			isa = PBXResourcesBuildPhase;
			buildActionMask = 2147483647;
			files = (
				B2DFB00F19C2110C0022ACC9 /* InfoPlist.strings in Resources */,
			);
			runOnlyForDeploymentPostprocessing = 0;
		};
/* End PBXResourcesBuildPhase section */

/* Begin PBXSourcesBuildPhase section */
		B2DFAFE419C2110B0022ACC9 /* Sources */ = {
			isa = PBXSourcesBuildPhase;
			buildActionMask = 2147483647;
			files = (
				B28F55CE19C47E07003EF286 /* AFURLConnectionOperation.m in Sources */,
				B28F55AE19C47C7F003EF286 /* AuthController.m in Sources */,
				B2E8D90319C21AA10095AA22 /* main.m in Sources */,
				B28F55AF19C47C7F003EF286 /* AuthWeiboController.m in Sources */,
				B28F55D019C47E07003EF286 /* AFURLResponseSerialization.m in Sources */,
				B28F55B319C47C94003EF286 /* InitialController.m in Sources */,
				B28F55CF19C47E07003EF286 /* AFURLRequestSerialization.m in Sources */,
				B28F55CD19C47E07003EF286 /* AFSecurityPolicy.m in Sources */,
				B28F55C919C47E07003EF286 /* AFHTTPRequestOperation.m in Sources */,
				B2FF536019C5508B00835A7E /* Account.m in Sources */,
				B28F55D119C47E07003EF286 /* AFURLSessionManager.m in Sources */,
				B225AFD719C4780200541DF9 /* UIImage+Extend.m in Sources */,
				B2E8D90219C21AA10095AA22 /* AppDelegate.m in Sources */,
				B28F55CB19C47E07003EF286 /* AFHTTPSessionManager.m in Sources */,
				B28F55A819C47C5C003EF286 /* MBProgressHUD.m in Sources */,
				B28F55CC19C47E07003EF286 /* AFNetworkReachabilityManager.m in Sources */,
				B28F55D719C48260003EF286 /* HttpHelper.m in Sources */,
				B2FF536719C5713800835A7E /* MainController.m in Sources */,
				B28F55CA19C47E07003EF286 /* AFHTTPRequestOperationManager.m in Sources */,
			);
			runOnlyForDeploymentPostprocessing = 0;
		};
		B2DFAFFF19C2110C0022ACC9 /* Sources */ = {
			isa = PBXSourcesBuildPhase;
			buildActionMask = 2147483647;
			files = (
				B2DFB01119C2110C0022ACC9 /* ios_HomebrewWeiboTests.m in Sources */,
			);
			runOnlyForDeploymentPostprocessing = 0;
		};
/* End PBXSourcesBuildPhase section */

/* Begin PBXTargetDependency section */
		B2DFB00919C2110C0022ACC9 /* PBXTargetDependency */ = {
			isa = PBXTargetDependency;
			target = B2DFAFE719C2110B0022ACC9 /* ios_HomebrewWeibo */;
			targetProxy = B2DFB00819C2110C0022ACC9 /* PBXContainerItemProxy */;
		};
/* End PBXTargetDependency section */

/* Begin PBXVariantGroup section */
		B2DFAFF419C2110C0022ACC9 /* InfoPlist.strings */ = {
			isa = PBXVariantGroup;
			children = (
				B2DFAFF519C2110C0022ACC9 /* en */,
			);
			name = InfoPlist.strings;
			sourceTree = "<group>";
		};
		B2DFB00D19C2110C0022ACC9 /* InfoPlist.strings */ = {
			isa = PBXVariantGroup;
			children = (
				B2DFB00E19C2110C0022ACC9 /* en */,
			);
			name = InfoPlist.strings;
			sourceTree = "<group>";
		};
/* End PBXVariantGroup section */

/* Begin XCBuildConfiguration section */
		B2DFB01219C2110C0022ACC9 /* Debug */ = {
			isa = XCBuildConfiguration;
			buildSettings = {
				ALWAYS_SEARCH_USER_PATHS = NO;
				CLANG_CXX_LANGUAGE_STANDARD = "gnu++0x";
				CLANG_CXX_LIBRARY = "libc++";
				CLANG_ENABLE_MODULES = YES;
				CLANG_ENABLE_OBJC_ARC = YES;
				CLANG_WARN_BOOL_CONVERSION = YES;
				CLANG_WARN_CONSTANT_CONVERSION = YES;
				CLANG_WARN_DIRECT_OBJC_ISA_USAGE = YES_ERROR;
				CLANG_WARN_EMPTY_BODY = YES;
				CLANG_WARN_ENUM_CONVERSION = YES;
				CLANG_WARN_INT_CONVERSION = YES;
				CLANG_WARN_OBJC_ROOT_CLASS = YES_ERROR;
				CLANG_WARN__DUPLICATE_METHOD_MATCH = YES;
				"CODE_SIGN_IDENTITY[sdk=iphoneos*]" = "iPhone Developer";
				COPY_PHASE_STRIP = NO;
				GCC_C_LANGUAGE_STANDARD = gnu99;
				GCC_DYNAMIC_NO_PIC = NO;
				GCC_OPTIMIZATION_LEVEL = 0;
				GCC_PREPROCESSOR_DEFINITIONS = (
					"DEBUG=1",
					"$(inherited)",
				);
				GCC_SYMBOLS_PRIVATE_EXTERN = NO;
				GCC_WARN_64_TO_32_BIT_CONVERSION = YES;
				GCC_WARN_ABOUT_RETURN_TYPE = YES_ERROR;
				GCC_WARN_UNDECLARED_SELECTOR = YES;
				GCC_WARN_UNINITIALIZED_AUTOS = YES_AGGRESSIVE;
				GCC_WARN_UNUSED_FUNCTION = YES;
				GCC_WARN_UNUSED_VARIABLE = YES;
				IPHONEOS_DEPLOYMENT_TARGET = 6.0;
				ONLY_ACTIVE_ARCH = YES;
				SDKROOT = iphoneos;
			};
			name = Debug;
		};
		B2DFB01319C2110C0022ACC9 /* Release */ = {
			isa = XCBuildConfiguration;
			buildSettings = {
				ALWAYS_SEARCH_USER_PATHS = NO;
				CLANG_CXX_LANGUAGE_STANDARD = "gnu++0x";
				CLANG_CXX_LIBRARY = "libc++";
				CLANG_ENABLE_MODULES = YES;
				CLANG_ENABLE_OBJC_ARC = YES;
				CLANG_WARN_BOOL_CONVERSION = YES;
				CLANG_WARN_CONSTANT_CONVERSION = YES;
				CLANG_WARN_DIRECT_OBJC_ISA_USAGE = YES_ERROR;
				CLANG_WARN_EMPTY_BODY = YES;
				CLANG_WARN_ENUM_CONVERSION = YES;
				CLANG_WARN_INT_CONVERSION = YES;
				CLANG_WARN_OBJC_ROOT_CLASS = YES_ERROR;
				CLANG_WARN__DUPLICATE_METHOD_MATCH = YES;
				"CODE_SIGN_IDENTITY[sdk=iphoneos*]" = "iPhone Developer";
				COPY_PHASE_STRIP = YES;
				ENABLE_NS_ASSERTIONS = NO;
				GCC_C_LANGUAGE_STANDARD = gnu99;
				GCC_WARN_64_TO_32_BIT_CONVERSION = YES;
				GCC_WARN_ABOUT_RETURN_TYPE = YES_ERROR;
				GCC_WARN_UNDECLARED_SELECTOR = YES;
				GCC_WARN_UNINITIALIZED_AUTOS = YES_AGGRESSIVE;
				GCC_WARN_UNUSED_FUNCTION = YES;
				GCC_WARN_UNUSED_VARIABLE = YES;
				IPHONEOS_DEPLOYMENT_TARGET = 6.0;
				SDKROOT = iphoneos;
				VALIDATE_PRODUCT = YES;
			};
			name = Release;
		};
		B2DFB01519C2110C0022ACC9 /* Debug */ = {
			isa = XCBuildConfiguration;
			buildSettings = {
				ASSETCATALOG_COMPILER_APPICON_NAME = AppIcon;
				ASSETCATALOG_COMPILER_LAUNCHIMAGE_NAME = LaunchImage;
				ASSETCATALOG_NOTICES = YES;
				ASSETCATALOG_WARNINGS = YES;
				GCC_PRECOMPILE_PREFIX_HEADER = YES;
				GCC_PREFIX_HEADER = "ios_HomebrewWeibo/ios_HomebrewWeibo-Prefix.pch";
				INFOPLIST_FILE = "ios_HomebrewWeibo/ios_HomebrewWeibo-Info.plist";
				IPHONEOS_DEPLOYMENT_TARGET = 6.0;
				LIBRARY_SEARCH_PATHS = (
					"$(inherited)",
					"$(PROJECT_DIR)/ios_HomebrewWeibo/Classes/Vendor/libWeiboSDK",
					"$(PROJECT_DIR)/ios_HomebrewWeibo/Classes/Vendors/libWeiboSDK",
				);
				PRODUCT_NAME = "$(TARGET_NAME)";
				WRAPPER_EXTENSION = app;
			};
			name = Debug;
		};
		B2DFB01619C2110C0022ACC9 /* Release */ = {
			isa = XCBuildConfiguration;
			buildSettings = {
				ASSETCATALOG_COMPILER_APPICON_NAME = AppIcon;
				ASSETCATALOG_COMPILER_LAUNCHIMAGE_NAME = LaunchImage;
				ASSETCATALOG_NOTICES = YES;
				ASSETCATALOG_WARNINGS = YES;
				GCC_PRECOMPILE_PREFIX_HEADER = YES;
				GCC_PREFIX_HEADER = "ios_HomebrewWeibo/ios_HomebrewWeibo-Prefix.pch";
				INFOPLIST_FILE = "ios_HomebrewWeibo/ios_HomebrewWeibo-Info.plist";
				IPHONEOS_DEPLOYMENT_TARGET = 6.0;
				LIBRARY_SEARCH_PATHS = (
					"$(inherited)",
					"$(PROJECT_DIR)/ios_HomebrewWeibo/Classes/Vendor/libWeiboSDK",
					"$(PROJECT_DIR)/ios_HomebrewWeibo/Classes/Vendors/libWeiboSDK",
				);
				PRODUCT_NAME = "$(TARGET_NAME)";
				WRAPPER_EXTENSION = app;
			};
			name = Release;
		};
		B2DFB01819C2110C0022ACC9 /* Debug */ = {
			isa = XCBuildConfiguration;
			buildSettings = {
				BUNDLE_LOADER = "$(BUILT_PRODUCTS_DIR)/ios_HomebrewWeibo.app/ios_HomebrewWeibo";
				FRAMEWORK_SEARCH_PATHS = (
					"$(SDKROOT)/Developer/Library/Frameworks",
					"$(inherited)",
					"$(DEVELOPER_FRAMEWORKS_DIR)",
				);
				GCC_PRECOMPILE_PREFIX_HEADER = YES;
				GCC_PREFIX_HEADER = "ios_HomebrewWeibo/ios_HomebrewWeibo-Prefix.pch";
				GCC_PREPROCESSOR_DEFINITIONS = (
					"DEBUG=1",
					"$(inherited)",
				);
				INFOPLIST_FILE = "ios_HomebrewWeiboTests/ios_HomebrewWeiboTests-Info.plist";
				PRODUCT_NAME = "$(TARGET_NAME)";
				TEST_HOST = "$(BUNDLE_LOADER)";
				WRAPPER_EXTENSION = xctest;
			};
			name = Debug;
		};
		B2DFB01919C2110C0022ACC9 /* Release */ = {
			isa = XCBuildConfiguration;
			buildSettings = {
				BUNDLE_LOADER = "$(BUILT_PRODUCTS_DIR)/ios_HomebrewWeibo.app/ios_HomebrewWeibo";
				FRAMEWORK_SEARCH_PATHS = (
					"$(SDKROOT)/Developer/Library/Frameworks",
					"$(inherited)",
					"$(DEVELOPER_FRAMEWORKS_DIR)",
				);
				GCC_PRECOMPILE_PREFIX_HEADER = YES;
				GCC_PREFIX_HEADER = "ios_HomebrewWeibo/ios_HomebrewWeibo-Prefix.pch";
				INFOPLIST_FILE = "ios_HomebrewWeiboTests/ios_HomebrewWeiboTests-Info.plist";
				PRODUCT_NAME = "$(TARGET_NAME)";
				TEST_HOST = "$(BUNDLE_LOADER)";
				WRAPPER_EXTENSION = xctest;
			};
			name = Release;
		};
/* End XCBuildConfiguration section */

/* Begin XCConfigurationList section */
		B2DFAFE319C2110B0022ACC9 /* Build configuration list for PBXProject "ios_HomebrewWeibo" */ = {
			isa = XCConfigurationList;
			buildConfigurations = (
				B2DFB01219C2110C0022ACC9 /* Debug */,
				B2DFB01319C2110C0022ACC9 /* Release */,
			);
			defaultConfigurationIsVisible = 0;
			defaultConfigurationName = Release;
		};
		B2DFB01419C2110C0022ACC9 /* Build configuration list for PBXNativeTarget "ios_HomebrewWeibo" */ = {
			isa = XCConfigurationList;
			buildConfigurations = (
				B2DFB01519C2110C0022ACC9 /* Debug */,
				B2DFB01619C2110C0022ACC9 /* Release */,
			);
			defaultConfigurationIsVisible = 0;
			defaultConfigurationName = Release;
		};
		B2DFB01719C2110C0022ACC9 /* Build configuration list for PBXNativeTarget "ios_HomebrewWeiboTests" */ = {
			isa = XCConfigurationList;
			buildConfigurations = (
				B2DFB01819C2110C0022ACC9 /* Debug */,
				B2DFB01919C2110C0022ACC9 /* Release */,
			);
			defaultConfigurationIsVisible = 0;
			defaultConfigurationName = Release;
		};
/* End XCConfigurationList section */
	};
	rootObject = B2DFAFE019C2110B0022ACC9 /* Project object */;
}
