// !$*UTF8*$!
{
	archiveVersion = 1;
	classes = {
	};
	objectVersion = 46;
	objects = {

/* Begin PBXBuildFile section */
		B20BA1D519C2897400345CEC /* Images.xcassets in Resources */ = {isa = PBXBuildFile; fileRef = B20BA1D419C2897400345CEC /* Images.xcassets */; };
		B20BA1D919C28DF600345CEC /* AppIcon29x29@2x.png in Resources */ = {isa = PBXBuildFile; fileRef = B20BA1D619C28DF600345CEC /* AppIcon29x29@2x.png */; };
		B20BA1DA19C28DF600345CEC /* AppIcon40x40@2x.png in Resources */ = {isa = PBXBuildFile; fileRef = B20BA1D719C28DF600345CEC /* AppIcon40x40@2x.png */; };
		B20BA1DB19C28DF600345CEC /* AppIcon60x60@2x.png in Resources */ = {isa = PBXBuildFile; fileRef = B20BA1D819C28DF600345CEC /* AppIcon60x60@2x.png */; };
		B225AF8B19C2DB1A00541DF9 /* initial_background-568h.png in Resources */ = {isa = PBXBuildFile; fileRef = B225AF8819C2DB1A00541DF9 /* initial_background-568h.png */; };
		B225AF8C19C2DB1A00541DF9 /* initial_background.png in Resources */ = {isa = PBXBuildFile; fileRef = B225AF8919C2DB1A00541DF9 /* initial_background.png */; };
		B225AF8D19C2DB1A00541DF9 /* initial_background@2x.png in Resources */ = {isa = PBXBuildFile; fileRef = B225AF8A19C2DB1A00541DF9 /* initial_background@2x.png */; };
		B225AFC119C325B400541DF9 /* initial_page_1@2x.png in Resources */ = {isa = PBXBuildFile; fileRef = B225AFBD19C325B400541DF9 /* initial_page_1@2x.png */; };
		B225AFC219C325B400541DF9 /* initial_page_2@2x.png in Resources */ = {isa = PBXBuildFile; fileRef = B225AFBE19C325B400541DF9 /* initial_page_2@2x.png */; };
		B225AFC319C325B400541DF9 /* initial_page_3@2x.png in Resources */ = {isa = PBXBuildFile; fileRef = B225AFBF19C325B400541DF9 /* initial_page_3@2x.png */; };
		B225AFC419C325B400541DF9 /* initial_page_4@2x.png in Resources */ = {isa = PBXBuildFile; fileRef = B225AFC019C325B400541DF9 /* initial_page_4@2x.png */; };
		B225AFC719C32E3C00541DF9 /* initial_button_normal@2x.png in Resources */ = {isa = PBXBuildFile; fileRef = B225AFC519C32E3C00541DF9 /* initial_button_normal@2x.png */; };
		B225AFC819C32E3C00541DF9 /* initial_button_selected@2x.png in Resources */ = {isa = PBXBuildFile; fileRef = B225AFC619C32E3C00541DF9 /* initial_button_selected@2x.png */; };
		B225AFCD19C3420C00541DF9 /* app_laungh-568h.png in Resources */ = {isa = PBXBuildFile; fileRef = B225AFCA19C3420C00541DF9 /* app_laungh-568h.png */; };
		B225AFCE19C3420C00541DF9 /* app_laungh.png in Resources */ = {isa = PBXBuildFile; fileRef = B225AFCB19C3420C00541DF9 /* app_laungh.png */; };
		B225AFCF19C3420C00541DF9 /* app_laungh@2x.png in Resources */ = {isa = PBXBuildFile; fileRef = B225AFCC19C3420C00541DF9 /* app_laungh@2x.png */; };
		B225AFD719C4780200541DF9 /* UIImage+Extend.m in Sources */ = {isa = PBXBuildFile; fileRef = B225AFD619C4780200541DF9 /* UIImage+Extend.m */; };
		B232607719C6CA8B00089309 /* MessageController.m in Sources */ = {isa = PBXBuildFile; fileRef = B232607619C6CA8B00089309 /* MessageController.m */; };
		B232607919C6CEF900089309 /* main_navbar@2x.png in Resources */ = {isa = PBXBuildFile; fileRef = B232607819C6CEF900089309 /* main_navbar@2x.png */; };
		B232607B19C6D01B00089309 /* main_tabbar@2x.png in Resources */ = {isa = PBXBuildFile; fileRef = B232607A19C6D01B00089309 /* main_tabbar@2x.png */; };
		B232608619C6D94900089309 /* main_tabbar_add_highlighted@2x.png in Resources */ = {isa = PBXBuildFile; fileRef = B232607C19C6D94900089309 /* main_tabbar_add_highlighted@2x.png */; };
		B232608719C6D94900089309 /* main_tabbar_add@2x.png in Resources */ = {isa = PBXBuildFile; fileRef = B232607D19C6D94900089309 /* main_tabbar_add@2x.png */; };
		B232608819C6D94900089309 /* main_tabbar_home_highlighted@2x.png in Resources */ = {isa = PBXBuildFile; fileRef = B232607E19C6D94900089309 /* main_tabbar_home_highlighted@2x.png */; };
		B232608919C6D94900089309 /* main_tabbar_home@2x.png in Resources */ = {isa = PBXBuildFile; fileRef = B232607F19C6D94900089309 /* main_tabbar_home@2x.png */; };
		B232608A19C6D94900089309 /* main_tabbar_message_center_highlighted@2x.png in Resources */ = {isa = PBXBuildFile; fileRef = B232608019C6D94900089309 /* main_tabbar_message_center_highlighted@2x.png */; };
		B232608B19C6D94900089309 /* main_tabbar_message_center@2x.png in Resources */ = {isa = PBXBuildFile; fileRef = B232608119C6D94900089309 /* main_tabbar_message_center@2x.png */; };
		B232608C19C6D94900089309 /* main_tabbar_more_highlighted@2x.png in Resources */ = {isa = PBXBuildFile; fileRef = B232608219C6D94900089309 /* main_tabbar_more_highlighted@2x.png */; };
		B232608D19C6D94900089309 /* main_tabbar_more@2x.png in Resources */ = {isa = PBXBuildFile; fileRef = B232608319C6D94900089309 /* main_tabbar_more@2x.png */; };
		B232608E19C6D94900089309 /* main_tabbar_profile_highlighted@2x.png in Resources */ = {isa = PBXBuildFile; fileRef = B232608419C6D94900089309 /* main_tabbar_profile_highlighted@2x.png */; };
		B232608F19C6D94900089309 /* main_tabbar_profile@2x.png in Resources */ = {isa = PBXBuildFile; fileRef = B232608519C6D94900089309 /* main_tabbar_profile@2x.png */; };
		B232609519C6DF8000089309 /* SearchController.m in Sources */ = {isa = PBXBuildFile; fileRef = B232609419C6DF8000089309 /* SearchController.m */; };
		B232609819C6DFAF00089309 /* PostController.m in Sources */ = {isa = PBXBuildFile; fileRef = B232609719C6DFAF00089309 /* PostController.m */; };
		B23260A119C6DFF900089309 /* SettingController.m in Sources */ = {isa = PBXBuildFile; fileRef = B23260A019C6DFF900089309 /* SettingController.m */; };
		B23260A419C6E05400089309 /* UserController.m in Sources */ = {isa = PBXBuildFile; fileRef = B23260A319C6E05400089309 /* UserController.m */; };
		B23260A719C6E18200089309 /* main_tabbar_discover_highlighted@2x.png in Resources */ = {isa = PBXBuildFile; fileRef = B23260A519C6E18200089309 /* main_tabbar_discover_highlighted@2x.png */; };
		B23260A819C6E18200089309 /* main_tabbar_discover@2x.png in Resources */ = {isa = PBXBuildFile; fileRef = B23260A619C6E18200089309 /* main_tabbar_discover@2x.png */; };
		B23260B819C7BAF000089309 /* User.m in Sources */ = {isa = PBXBuildFile; fileRef = B23260B619C7BAF000089309 /* User.m */; };
		B23260B919C7BAF000089309 /* UserHelper.m in Sources */ = {isa = PBXBuildFile; fileRef = B23260B719C7BAF000089309 /* UserHelper.m */; };
		B23260BC19C7BBBC00089309 /* Account.m in Sources */ = {isa = PBXBuildFile; fileRef = B23260BB19C7BBBC00089309 /* Account.m */; };
		B23260BF19C7BD4500089309 /* Status.m in Sources */ = {isa = PBXBuildFile; fileRef = B23260BE19C7BD4500089309 /* Status.m */; };
		B23260C319C8148600089309 /* Geo.m in Sources */ = {isa = PBXBuildFile; fileRef = B23260C219C8148600089309 /* Geo.m */; };
		B23260D519C8230100089309 /* MJRefresh.bundle in Resources */ = {isa = PBXBuildFile; fileRef = B23260C519C8230100089309 /* MJRefresh.bundle */; };
		B23260D619C8230100089309 /* MJRefreshBaseView.m in Sources */ = {isa = PBXBuildFile; fileRef = B23260C819C8230100089309 /* MJRefreshBaseView.m */; };
		B23260D719C8230100089309 /* MJRefreshConst.m in Sources */ = {isa = PBXBuildFile; fileRef = B23260CA19C8230100089309 /* MJRefreshConst.m */; };
		B23260D819C8230100089309 /* MJRefreshFooterView.m in Sources */ = {isa = PBXBuildFile; fileRef = B23260CC19C8230100089309 /* MJRefreshFooterView.m */; };
		B23260D919C8230100089309 /* MJRefreshHeaderView.m in Sources */ = {isa = PBXBuildFile; fileRef = B23260CE19C8230100089309 /* MJRefreshHeaderView.m */; };
		B23260DA19C8230100089309 /* UIScrollView+MJExtension.m in Sources */ = {isa = PBXBuildFile; fileRef = B23260D019C8230100089309 /* UIScrollView+MJExtension.m */; };
		B23260DB19C8230100089309 /* UIScrollView+MJRefresh.m in Sources */ = {isa = PBXBuildFile; fileRef = B23260D219C8230100089309 /* UIScrollView+MJRefresh.m */; };
		B23260DC19C8230100089309 /* UIView+MJExtension.m in Sources */ = {isa = PBXBuildFile; fileRef = B23260D419C8230100089309 /* UIView+MJExtension.m */; };
		B253048E19C88A5C0098AB23 /* CustomGroupCell.m in Sources */ = {isa = PBXBuildFile; fileRef = B253048D19C88A5C0098AB23 /* CustomGroupCell.m */; };
		B253049119C88A780098AB23 /* CustomGroupTableView.m in Sources */ = {isa = PBXBuildFile; fileRef = B253049019C88A780098AB23 /* CustomGroupTableView.m */; };
		B253049619C89A190098AB23 /* SettingViewConfig.plist in Resources */ = {isa = PBXBuildFile; fileRef = B253049519C89A190098AB23 /* SettingViewConfig.plist */; };
		B253049B19C89D170098AB23 /* icon_config@2x.png in Resources */ = {isa = PBXBuildFile; fileRef = B253049A19C89D170098AB23 /* icon_config@2x.png */; };
		B253049E19C8A48A0098AB23 /* icon_status_post@2x.png in Resources */ = {isa = PBXBuildFile; fileRef = B253049C19C8A48A0098AB23 /* icon_status_post@2x.png */; };
		B253049F19C8A48A0098AB23 /* icon_user_group@2x.png in Resources */ = {isa = PBXBuildFile; fileRef = B253049D19C8A48A0098AB23 /* icon_user_group@2x.png */; };
		B25304A219C932290098AB23 /* StatusCell.m in Sources */ = {isa = PBXBuildFile; fileRef = B25304A119C932290098AB23 /* StatusCell.m */; };
		B25304A519C93D500098AB23 /* StatusHelper.m in Sources */ = {isa = PBXBuildFile; fileRef = B25304A419C93D500098AB23 /* StatusHelper.m */; };
		B25304A819C95FE90098AB23 /* StatusCellFrame.m in Sources */ = {isa = PBXBuildFile; fileRef = B25304A719C95FE90098AB23 /* StatusCellFrame.m */; };
		B25304CB19C962C80098AB23 /* MKAnnotationView+WebCache.m in Sources */ = {isa = PBXBuildFile; fileRef = B25304AB19C962C80098AB23 /* MKAnnotationView+WebCache.m */; };
		B25304CC19C962C80098AB23 /* NSData+ImageContentType.m in Sources */ = {isa = PBXBuildFile; fileRef = B25304AD19C962C80098AB23 /* NSData+ImageContentType.m */; };
		B25304CD19C962C80098AB23 /* SDImageCache.m in Sources */ = {isa = PBXBuildFile; fileRef = B25304AF19C962C80098AB23 /* SDImageCache.m */; };
		B25304CE19C962C80098AB23 /* SDWebImageCompat.m in Sources */ = {isa = PBXBuildFile; fileRef = B25304B119C962C80098AB23 /* SDWebImageCompat.m */; };
		B25304CF19C962C80098AB23 /* SDWebImageDecoder.m in Sources */ = {isa = PBXBuildFile; fileRef = B25304B319C962C80098AB23 /* SDWebImageDecoder.m */; };
		B25304D019C962C80098AB23 /* SDWebImageDownloader.m in Sources */ = {isa = PBXBuildFile; fileRef = B25304B519C962C80098AB23 /* SDWebImageDownloader.m */; };
		B25304D119C962C80098AB23 /* SDWebImageDownloaderOperation.m in Sources */ = {isa = PBXBuildFile; fileRef = B25304B719C962C80098AB23 /* SDWebImageDownloaderOperation.m */; };
		B25304D219C962C80098AB23 /* SDWebImageManager.m in Sources */ = {isa = PBXBuildFile; fileRef = B25304B919C962C80098AB23 /* SDWebImageManager.m */; };
		B25304D319C962C80098AB23 /* SDWebImagePrefetcher.m in Sources */ = {isa = PBXBuildFile; fileRef = B25304BC19C962C80098AB23 /* SDWebImagePrefetcher.m */; };
		B25304D419C962C80098AB23 /* UIButton+WebCache.m in Sources */ = {isa = PBXBuildFile; fileRef = B25304BE19C962C80098AB23 /* UIButton+WebCache.m */; };
		B25304D519C962C80098AB23 /* UIImage+GIF.m in Sources */ = {isa = PBXBuildFile; fileRef = B25304C019C962C80098AB23 /* UIImage+GIF.m */; };
		B25304D619C962C80098AB23 /* UIImage+MultiFormat.m in Sources */ = {isa = PBXBuildFile; fileRef = B25304C219C962C80098AB23 /* UIImage+MultiFormat.m */; };
		B25304D719C962C80098AB23 /* UIImage+WebP.m in Sources */ = {isa = PBXBuildFile; fileRef = B25304C419C962C80098AB23 /* UIImage+WebP.m */; };
		B25304D819C962C80098AB23 /* UIImageView+HighlightedWebCache.m in Sources */ = {isa = PBXBuildFile; fileRef = B25304C619C962C80098AB23 /* UIImageView+HighlightedWebCache.m */; };
		B25304D919C962C80098AB23 /* UIImageView+WebCache.m in Sources */ = {isa = PBXBuildFile; fileRef = B25304C819C962C80098AB23 /* UIImageView+WebCache.m */; };
		B25304DA19C962C80098AB23 /* UIView+WebCacheOperation.m in Sources */ = {isa = PBXBuildFile; fileRef = B25304CA19C962C80098AB23 /* UIView+WebCacheOperation.m */; };
		B25304DC19C96B880098AB23 /* icon_user_profile@2x.png in Resources */ = {isa = PBXBuildFile; fileRef = B25304DB19C96B880098AB23 /* icon_user_profile@2x.png */; };
		B28F55A819C47C5C003EF286 /* MBProgressHUD.m in Sources */ = {isa = PBXBuildFile; fileRef = B28F55A519C47C5C003EF286 /* MBProgressHUD.m */; };
		B28F55AE19C47C7F003EF286 /* AuthController.m in Sources */ = {isa = PBXBuildFile; fileRef = B28F55AB19C47C7F003EF286 /* AuthController.m */; };
		B28F55AF19C47C7F003EF286 /* AuthWeiboController.m in Sources */ = {isa = PBXBuildFile; fileRef = B28F55AD19C47C7F003EF286 /* AuthWeiboController.m */; };
		B28F55B319C47C94003EF286 /* InitialController.m in Sources */ = {isa = PBXBuildFile; fileRef = B28F55B219C47C94003EF286 /* InitialController.m */; };
		B28F55C919C47E07003EF286 /* AFHTTPRequestOperation.m in Sources */ = {isa = PBXBuildFile; fileRef = B28F55B719C47E07003EF286 /* AFHTTPRequestOperation.m */; };
		B28F55CA19C47E07003EF286 /* AFHTTPRequestOperationManager.m in Sources */ = {isa = PBXBuildFile; fileRef = B28F55B919C47E07003EF286 /* AFHTTPRequestOperationManager.m */; };
		B28F55CB19C47E07003EF286 /* AFHTTPSessionManager.m in Sources */ = {isa = PBXBuildFile; fileRef = B28F55BB19C47E07003EF286 /* AFHTTPSessionManager.m */; };
		B28F55CC19C47E07003EF286 /* AFNetworkReachabilityManager.m in Sources */ = {isa = PBXBuildFile; fileRef = B28F55BE19C47E07003EF286 /* AFNetworkReachabilityManager.m */; };
		B28F55CD19C47E07003EF286 /* AFSecurityPolicy.m in Sources */ = {isa = PBXBuildFile; fileRef = B28F55C019C47E07003EF286 /* AFSecurityPolicy.m */; };
		B28F55CE19C47E07003EF286 /* AFURLConnectionOperation.m in Sources */ = {isa = PBXBuildFile; fileRef = B28F55C219C47E07003EF286 /* AFURLConnectionOperation.m */; };
		B28F55CF19C47E07003EF286 /* AFURLRequestSerialization.m in Sources */ = {isa = PBXBuildFile; fileRef = B28F55C419C47E07003EF286 /* AFURLRequestSerialization.m */; };
		B28F55D019C47E07003EF286 /* AFURLResponseSerialization.m in Sources */ = {isa = PBXBuildFile; fileRef = B28F55C619C47E07003EF286 /* AFURLResponseSerialization.m */; };
		B28F55D119C47E07003EF286 /* AFURLSessionManager.m in Sources */ = {isa = PBXBuildFile; fileRef = B28F55C819C47E07003EF286 /* AFURLSessionManager.m */; };
		B28F55D719C48260003EF286 /* HttpHelper.m in Sources */ = {isa = PBXBuildFile; fileRef = B28F55D619C48260003EF286 /* HttpHelper.m */; };
		B2DFAFEC19C2110B0022ACC9 /* Foundation.framework in Frameworks */ = {isa = PBXBuildFile; fileRef = B2DFAFEB19C2110B0022ACC9 /* Foundation.framework */; };
		B2DFAFEE19C2110B0022ACC9 /* CoreGraphics.framework in Frameworks */ = {isa = PBXBuildFile; fileRef = B2DFAFED19C2110B0022ACC9 /* CoreGraphics.framework */; };
		B2DFAFF019C2110C0022ACC9 /* UIKit.framework in Frameworks */ = {isa = PBXBuildFile; fileRef = B2DFAFEF19C2110C0022ACC9 /* UIKit.framework */; };
		B2DFAFF619C2110C0022ACC9 /* InfoPlist.strings in Resources */ = {isa = PBXBuildFile; fileRef = B2DFAFF419C2110C0022ACC9 /* InfoPlist.strings */; };
		B2DFB00519C2110C0022ACC9 /* XCTest.framework in Frameworks */ = {isa = PBXBuildFile; fileRef = B2DFB00419C2110C0022ACC9 /* XCTest.framework */; };
		B2DFB00619C2110C0022ACC9 /* Foundation.framework in Frameworks */ = {isa = PBXBuildFile; fileRef = B2DFAFEB19C2110B0022ACC9 /* Foundation.framework */; };
		B2DFB00719C2110C0022ACC9 /* UIKit.framework in Frameworks */ = {isa = PBXBuildFile; fileRef = B2DFAFEF19C2110C0022ACC9 /* UIKit.framework */; };
		B2DFB00F19C2110C0022ACC9 /* InfoPlist.strings in Resources */ = {isa = PBXBuildFile; fileRef = B2DFB00D19C2110C0022ACC9 /* InfoPlist.strings */; };
		B2DFB01119C2110C0022ACC9 /* ios_HomebrewWeiboTests.m in Sources */ = {isa = PBXBuildFile; fileRef = B2DFB01019C2110C0022ACC9 /* ios_HomebrewWeiboTests.m */; };
		B2E8D90219C21AA10095AA22 /* AppDelegate.m in Sources */ = {isa = PBXBuildFile; fileRef = B2E8D90019C21AA10095AA22 /* AppDelegate.m */; };
		B2E8D90319C21AA10095AA22 /* main.m in Sources */ = {isa = PBXBuildFile; fileRef = B2E8D90119C21AA10095AA22 /* main.m */; };
		B2FF535719C5459900835A7E /* auth_navitem_cancel@2x.png in Resources */ = {isa = PBXBuildFile; fileRef = B2FF535619C5459900835A7E /* auth_navitem_cancel@2x.png */; };
		B2FF535919C549FA00835A7E /* auth_navbar@2x.png in Resources */ = {isa = PBXBuildFile; fileRef = B2FF535819C549FA00835A7E /* auth_navbar@2x.png */; };
		B2FF536719C5713800835A7E /* MainController.m in Sources */ = {isa = PBXBuildFile; fileRef = B2FF536619C5713800835A7E /* MainController.m */; };
		B2FF538D19C5836C00835A7E /* HomeController.m in Sources */ = {isa = PBXBuildFile; fileRef = B2FF538C19C5836C00835A7E /* HomeController.m */; };
		B2FF539519C5859A00835A7E /* MainNavigationController.m in Sources */ = {isa = PBXBuildFile; fileRef = B2FF539419C5859A00835A7E /* MainNavigationController.m */; };
/* End PBXBuildFile section */

/* Begin PBXContainerItemProxy section */
		B2DFB00819C2110C0022ACC9 /* PBXContainerItemProxy */ = {
			isa = PBXContainerItemProxy;
			containerPortal = B2DFAFE019C2110B0022ACC9 /* Project object */;
			proxyType = 1;
			remoteGlobalIDString = B2DFAFE719C2110B0022ACC9;
			remoteInfo = ios_HomebrewWeibo;
		};
/* End PBXContainerItemProxy section */

/* Begin PBXFileReference section */
		B20BA1D419C2897400345CEC /* Images.xcassets */ = {isa = PBXFileReference; lastKnownFileType = folder.assetcatalog; path = Images.xcassets; sourceTree = "<group>"; };
		B20BA1D619C28DF600345CEC /* AppIcon29x29@2x.png */ = {isa = PBXFileReference; lastKnownFileType = image.png; path = "AppIcon29x29@2x.png"; sourceTree = "<group>"; };
		B20BA1D719C28DF600345CEC /* AppIcon40x40@2x.png */ = {isa = PBXFileReference; lastKnownFileType = image.png; path = "AppIcon40x40@2x.png"; sourceTree = "<group>"; };
		B20BA1D819C28DF600345CEC /* AppIcon60x60@2x.png */ = {isa = PBXFileReference; lastKnownFileType = image.png; path = "AppIcon60x60@2x.png"; sourceTree = "<group>"; };
		B225AF8819C2DB1A00541DF9 /* initial_background-568h.png */ = {isa = PBXFileReference; lastKnownFileType = image.png; path = "initial_background-568h.png"; sourceTree = "<group>"; };
		B225AF8919C2DB1A00541DF9 /* initial_background.png */ = {isa = PBXFileReference; lastKnownFileType = image.png; path = initial_background.png; sourceTree = "<group>"; };
		B225AF8A19C2DB1A00541DF9 /* initial_background@2x.png */ = {isa = PBXFileReference; lastKnownFileType = image.png; path = "initial_background@2x.png"; sourceTree = "<group>"; };
		B225AFBD19C325B400541DF9 /* initial_page_1@2x.png */ = {isa = PBXFileReference; lastKnownFileType = image.png; path = "initial_page_1@2x.png"; sourceTree = "<group>"; };
		B225AFBE19C325B400541DF9 /* initial_page_2@2x.png */ = {isa = PBXFileReference; lastKnownFileType = image.png; path = "initial_page_2@2x.png"; sourceTree = "<group>"; };
		B225AFBF19C325B400541DF9 /* initial_page_3@2x.png */ = {isa = PBXFileReference; lastKnownFileType = image.png; path = "initial_page_3@2x.png"; sourceTree = "<group>"; };
		B225AFC019C325B400541DF9 /* initial_page_4@2x.png */ = {isa = PBXFileReference; lastKnownFileType = image.png; path = "initial_page_4@2x.png"; sourceTree = "<group>"; };
		B225AFC519C32E3C00541DF9 /* initial_button_normal@2x.png */ = {isa = PBXFileReference; lastKnownFileType = image.png; path = "initial_button_normal@2x.png"; sourceTree = "<group>"; };
		B225AFC619C32E3C00541DF9 /* initial_button_selected@2x.png */ = {isa = PBXFileReference; lastKnownFileType = image.png; path = "initial_button_selected@2x.png"; sourceTree = "<group>"; };
		B225AFC919C3393A00541DF9 /* Common.h */ = {isa = PBXFileReference; fileEncoding = 4; lastKnownFileType = sourcecode.c.h; path = Common.h; sourceTree = "<group>"; };
		B225AFCA19C3420C00541DF9 /* app_laungh-568h.png */ = {isa = PBXFileReference; lastKnownFileType = image.png; path = "app_laungh-568h.png"; sourceTree = "<group>"; };
		B225AFCB19C3420C00541DF9 /* app_laungh.png */ = {isa = PBXFileReference; lastKnownFileType = image.png; path = app_laungh.png; sourceTree = "<group>"; };
		B225AFCC19C3420C00541DF9 /* app_laungh@2x.png */ = {isa = PBXFileReference; lastKnownFileType = image.png; path = "app_laungh@2x.png"; sourceTree = "<group>"; };
		B225AFD519C4780200541DF9 /* UIImage+Extend.h */ = {isa = PBXFileReference; fileEncoding = 4; lastKnownFileType = sourcecode.c.h; path = "UIImage+Extend.h"; sourceTree = "<group>"; };
		B225AFD619C4780200541DF9 /* UIImage+Extend.m */ = {isa = PBXFileReference; fileEncoding = 4; lastKnownFileType = sourcecode.c.objc; path = "UIImage+Extend.m"; sourceTree = "<group>"; };
		B232607519C6CA8B00089309 /* MessageController.h */ = {isa = PBXFileReference; fileEncoding = 4; lastKnownFileType = sourcecode.c.h; path = MessageController.h; sourceTree = "<group>"; };
		B232607619C6CA8B00089309 /* MessageController.m */ = {isa = PBXFileReference; fileEncoding = 4; lastKnownFileType = sourcecode.c.objc; path = MessageController.m; sourceTree = "<group>"; };
		B232607819C6CEF900089309 /* main_navbar@2x.png */ = {isa = PBXFileReference; lastKnownFileType = image.png; path = "main_navbar@2x.png"; sourceTree = "<group>"; };
		B232607A19C6D01B00089309 /* main_tabbar@2x.png */ = {isa = PBXFileReference; lastKnownFileType = image.png; path = "main_tabbar@2x.png"; sourceTree = "<group>"; };
		B232607C19C6D94900089309 /* main_tabbar_add_highlighted@2x.png */ = {isa = PBXFileReference; lastKnownFileType = image.png; path = "main_tabbar_add_highlighted@2x.png"; sourceTree = "<group>"; };
		B232607D19C6D94900089309 /* main_tabbar_add@2x.png */ = {isa = PBXFileReference; lastKnownFileType = image.png; path = "main_tabbar_add@2x.png"; sourceTree = "<group>"; };
		B232607E19C6D94900089309 /* main_tabbar_home_highlighted@2x.png */ = {isa = PBXFileReference; lastKnownFileType = image.png; path = "main_tabbar_home_highlighted@2x.png"; sourceTree = "<group>"; };
		B232607F19C6D94900089309 /* main_tabbar_home@2x.png */ = {isa = PBXFileReference; lastKnownFileType = image.png; path = "main_tabbar_home@2x.png"; sourceTree = "<group>"; };
		B232608019C6D94900089309 /* main_tabbar_message_center_highlighted@2x.png */ = {isa = PBXFileReference; lastKnownFileType = image.png; path = "main_tabbar_message_center_highlighted@2x.png"; sourceTree = "<group>"; };
		B232608119C6D94900089309 /* main_tabbar_message_center@2x.png */ = {isa = PBXFileReference; lastKnownFileType = image.png; path = "main_tabbar_message_center@2x.png"; sourceTree = "<group>"; };
		B232608219C6D94900089309 /* main_tabbar_more_highlighted@2x.png */ = {isa = PBXFileReference; lastKnownFileType = image.png; path = "main_tabbar_more_highlighted@2x.png"; sourceTree = "<group>"; };
		B232608319C6D94900089309 /* main_tabbar_more@2x.png */ = {isa = PBXFileReference; lastKnownFileType = image.png; path = "main_tabbar_more@2x.png"; sourceTree = "<group>"; };
		B232608419C6D94900089309 /* main_tabbar_profile_highlighted@2x.png */ = {isa = PBXFileReference; lastKnownFileType = image.png; path = "main_tabbar_profile_highlighted@2x.png"; sourceTree = "<group>"; };
		B232608519C6D94900089309 /* main_tabbar_profile@2x.png */ = {isa = PBXFileReference; lastKnownFileType = image.png; path = "main_tabbar_profile@2x.png"; sourceTree = "<group>"; };
		B232609319C6DF8000089309 /* SearchController.h */ = {isa = PBXFileReference; fileEncoding = 4; lastKnownFileType = sourcecode.c.h; path = SearchController.h; sourceTree = "<group>"; };
		B232609419C6DF8000089309 /* SearchController.m */ = {isa = PBXFileReference; fileEncoding = 4; lastKnownFileType = sourcecode.c.objc; path = SearchController.m; sourceTree = "<group>"; };
		B232609619C6DFAF00089309 /* PostController.h */ = {isa = PBXFileReference; fileEncoding = 4; lastKnownFileType = sourcecode.c.h; path = PostController.h; sourceTree = "<group>"; };
		B232609719C6DFAF00089309 /* PostController.m */ = {isa = PBXFileReference; fileEncoding = 4; lastKnownFileType = sourcecode.c.objc; path = PostController.m; sourceTree = "<group>"; };
		B232609F19C6DFF900089309 /* SettingController.h */ = {isa = PBXFileReference; fileEncoding = 4; lastKnownFileType = sourcecode.c.h; path = SettingController.h; sourceTree = "<group>"; };
		B23260A019C6DFF900089309 /* SettingController.m */ = {isa = PBXFileReference; fileEncoding = 4; lastKnownFileType = sourcecode.c.objc; path = SettingController.m; sourceTree = "<group>"; };
		B23260A219C6E05400089309 /* UserController.h */ = {isa = PBXFileReference; fileEncoding = 4; lastKnownFileType = sourcecode.c.h; path = UserController.h; sourceTree = "<group>"; };
		B23260A319C6E05400089309 /* UserController.m */ = {isa = PBXFileReference; fileEncoding = 4; lastKnownFileType = sourcecode.c.objc; path = UserController.m; sourceTree = "<group>"; };
		B23260A519C6E18200089309 /* main_tabbar_discover_highlighted@2x.png */ = {isa = PBXFileReference; lastKnownFileType = image.png; path = "main_tabbar_discover_highlighted@2x.png"; sourceTree = "<group>"; };
		B23260A619C6E18200089309 /* main_tabbar_discover@2x.png */ = {isa = PBXFileReference; lastKnownFileType = image.png; path = "main_tabbar_discover@2x.png"; sourceTree = "<group>"; };
		B23260B419C7BAF000089309 /* User.h */ = {isa = PBXFileReference; fileEncoding = 4; lastKnownFileType = sourcecode.c.h; path = User.h; sourceTree = "<group>"; };
		B23260B519C7BAF000089309 /* UserHelper.h */ = {isa = PBXFileReference; fileEncoding = 4; lastKnownFileType = sourcecode.c.h; path = UserHelper.h; sourceTree = "<group>"; };
		B23260B619C7BAF000089309 /* User.m */ = {isa = PBXFileReference; fileEncoding = 4; lastKnownFileType = sourcecode.c.objc; path = User.m; sourceTree = "<group>"; };
		B23260B719C7BAF000089309 /* UserHelper.m */ = {isa = PBXFileReference; fileEncoding = 4; lastKnownFileType = sourcecode.c.objc; path = UserHelper.m; sourceTree = "<group>"; };
		B23260BA19C7BBBC00089309 /* Account.h */ = {isa = PBXFileReference; fileEncoding = 4; lastKnownFileType = sourcecode.c.h; path = Account.h; sourceTree = "<group>"; };
		B23260BB19C7BBBC00089309 /* Account.m */ = {isa = PBXFileReference; fileEncoding = 4; lastKnownFileType = sourcecode.c.objc; path = Account.m; sourceTree = "<group>"; };
		B23260BD19C7BD4500089309 /* Status.h */ = {isa = PBXFileReference; fileEncoding = 4; lastKnownFileType = sourcecode.c.h; path = Status.h; sourceTree = "<group>"; };
		B23260BE19C7BD4500089309 /* Status.m */ = {isa = PBXFileReference; fileEncoding = 4; lastKnownFileType = sourcecode.c.objc; path = Status.m; sourceTree = "<group>"; };
		B23260C119C8148600089309 /* Geo.h */ = {isa = PBXFileReference; fileEncoding = 4; lastKnownFileType = sourcecode.c.h; path = Geo.h; sourceTree = "<group>"; };
		B23260C219C8148600089309 /* Geo.m */ = {isa = PBXFileReference; fileEncoding = 4; lastKnownFileType = sourcecode.c.objc; path = Geo.m; sourceTree = "<group>"; };
		B23260C519C8230100089309 /* MJRefresh.bundle */ = {isa = PBXFileReference; lastKnownFileType = "wrapper.plug-in"; path = MJRefresh.bundle; sourceTree = "<group>"; };
		B23260C619C8230100089309 /* MJRefresh.h */ = {isa = PBXFileReference; fileEncoding = 4; lastKnownFileType = sourcecode.c.h; path = MJRefresh.h; sourceTree = "<group>"; };
		B23260C719C8230100089309 /* MJRefreshBaseView.h */ = {isa = PBXFileReference; fileEncoding = 4; lastKnownFileType = sourcecode.c.h; path = MJRefreshBaseView.h; sourceTree = "<group>"; };
		B23260C819C8230100089309 /* MJRefreshBaseView.m */ = {isa = PBXFileReference; fileEncoding = 4; lastKnownFileType = sourcecode.c.objc; path = MJRefreshBaseView.m; sourceTree = "<group>"; };
		B23260C919C8230100089309 /* MJRefreshConst.h */ = {isa = PBXFileReference; fileEncoding = 4; lastKnownFileType = sourcecode.c.h; path = MJRefreshConst.h; sourceTree = "<group>"; };
		B23260CA19C8230100089309 /* MJRefreshConst.m */ = {isa = PBXFileReference; fileEncoding = 4; lastKnownFileType = sourcecode.c.objc; path = MJRefreshConst.m; sourceTree = "<group>"; };
		B23260CB19C8230100089309 /* MJRefreshFooterView.h */ = {isa = PBXFileReference; fileEncoding = 4; lastKnownFileType = sourcecode.c.h; path = MJRefreshFooterView.h; sourceTree = "<group>"; };
		B23260CC19C8230100089309 /* MJRefreshFooterView.m */ = {isa = PBXFileReference; fileEncoding = 4; lastKnownFileType = sourcecode.c.objc; path = MJRefreshFooterView.m; sourceTree = "<group>"; };
		B23260CD19C8230100089309 /* MJRefreshHeaderView.h */ = {isa = PBXFileReference; fileEncoding = 4; lastKnownFileType = sourcecode.c.h; path = MJRefreshHeaderView.h; sourceTree = "<group>"; };
		B23260CE19C8230100089309 /* MJRefreshHeaderView.m */ = {isa = PBXFileReference; fileEncoding = 4; lastKnownFileType = sourcecode.c.objc; path = MJRefreshHeaderView.m; sourceTree = "<group>"; };
		B23260CF19C8230100089309 /* UIScrollView+MJExtension.h */ = {isa = PBXFileReference; fileEncoding = 4; lastKnownFileType = sourcecode.c.h; path = "UIScrollView+MJExtension.h"; sourceTree = "<group>"; };
		B23260D019C8230100089309 /* UIScrollView+MJExtension.m */ = {isa = PBXFileReference; fileEncoding = 4; lastKnownFileType = sourcecode.c.objc; path = "UIScrollView+MJExtension.m"; sourceTree = "<group>"; };
		B23260D119C8230100089309 /* UIScrollView+MJRefresh.h */ = {isa = PBXFileReference; fileEncoding = 4; lastKnownFileType = sourcecode.c.h; path = "UIScrollView+MJRefresh.h"; sourceTree = "<group>"; };
		B23260D219C8230100089309 /* UIScrollView+MJRefresh.m */ = {isa = PBXFileReference; fileEncoding = 4; lastKnownFileType = sourcecode.c.objc; path = "UIScrollView+MJRefresh.m"; sourceTree = "<group>"; };
		B23260D319C8230100089309 /* UIView+MJExtension.h */ = {isa = PBXFileReference; fileEncoding = 4; lastKnownFileType = sourcecode.c.h; path = "UIView+MJExtension.h"; sourceTree = "<group>"; };
		B23260D419C8230100089309 /* UIView+MJExtension.m */ = {isa = PBXFileReference; fileEncoding = 4; lastKnownFileType = sourcecode.c.objc; path = "UIView+MJExtension.m"; sourceTree = "<group>"; };
		B253048C19C88A5C0098AB23 /* CustomGroupCell.h */ = {isa = PBXFileReference; fileEncoding = 4; lastKnownFileType = sourcecode.c.h; path = CustomGroupCell.h; sourceTree = "<group>"; };
		B253048D19C88A5C0098AB23 /* CustomGroupCell.m */ = {isa = PBXFileReference; fileEncoding = 4; lastKnownFileType = sourcecode.c.objc; path = CustomGroupCell.m; sourceTree = "<group>"; };
		B253048F19C88A780098AB23 /* CustomGroupTableView.h */ = {isa = PBXFileReference; fileEncoding = 4; lastKnownFileType = sourcecode.c.h; path = CustomGroupTableView.h; sourceTree = "<group>"; };
		B253049019C88A780098AB23 /* CustomGroupTableView.m */ = {isa = PBXFileReference; fileEncoding = 4; lastKnownFileType = sourcecode.c.objc; path = CustomGroupTableView.m; sourceTree = "<group>"; };
		B253049519C89A190098AB23 /* SettingViewConfig.plist */ = {isa = PBXFileReference; fileEncoding = 4; lastKnownFileType = text.plist.xml; path = SettingViewConfig.plist; sourceTree = "<group>"; };
		B253049A19C89D170098AB23 /* icon_config@2x.png */ = {isa = PBXFileReference; lastKnownFileType = image.png; path = "icon_config@2x.png"; sourceTree = "<group>"; };
		B253049C19C8A48A0098AB23 /* icon_status_post@2x.png */ = {isa = PBXFileReference; lastKnownFileType = image.png; path = "icon_status_post@2x.png"; sourceTree = "<group>"; };
		B253049D19C8A48A0098AB23 /* icon_user_group@2x.png */ = {isa = PBXFileReference; lastKnownFileType = image.png; path = "icon_user_group@2x.png"; sourceTree = "<group>"; };
		B25304A019C932290098AB23 /* StatusCell.h */ = {isa = PBXFileReference; fileEncoding = 4; lastKnownFileType = sourcecode.c.h; path = StatusCell.h; sourceTree = "<group>"; };
		B25304A119C932290098AB23 /* StatusCell.m */ = {isa = PBXFileReference; fileEncoding = 4; lastKnownFileType = sourcecode.c.objc; path = StatusCell.m; sourceTree = "<group>"; };
		B25304A319C93D500098AB23 /* StatusHelper.h */ = {isa = PBXFileReference; fileEncoding = 4; lastKnownFileType = sourcecode.c.h; path = StatusHelper.h; sourceTree = "<group>"; };
		B25304A419C93D500098AB23 /* StatusHelper.m */ = {isa = PBXFileReference; fileEncoding = 4; lastKnownFileType = sourcecode.c.objc; path = StatusHelper.m; sourceTree = "<group>"; };
		B25304A619C95FE90098AB23 /* StatusCellFrame.h */ = {isa = PBXFileReference; fileEncoding = 4; lastKnownFileType = sourcecode.c.h; path = StatusCellFrame.h; sourceTree = "<group>"; };
		B25304A719C95FE90098AB23 /* StatusCellFrame.m */ = {isa = PBXFileReference; fileEncoding = 4; lastKnownFileType = sourcecode.c.objc; path = StatusCellFrame.m; sourceTree = "<group>"; };
		B25304AA19C962C80098AB23 /* MKAnnotationView+WebCache.h */ = {isa = PBXFileReference; fileEncoding = 4; lastKnownFileType = sourcecode.c.h; path = "MKAnnotationView+WebCache.h"; sourceTree = "<group>"; };
		B25304AB19C962C80098AB23 /* MKAnnotationView+WebCache.m */ = {isa = PBXFileReference; fileEncoding = 4; lastKnownFileType = sourcecode.c.objc; path = "MKAnnotationView+WebCache.m"; sourceTree = "<group>"; };
		B25304AC19C962C80098AB23 /* NSData+ImageContentType.h */ = {isa = PBXFileReference; fileEncoding = 4; lastKnownFileType = sourcecode.c.h; path = "NSData+ImageContentType.h"; sourceTree = "<group>"; };
		B25304AD19C962C80098AB23 /* NSData+ImageContentType.m */ = {isa = PBXFileReference; fileEncoding = 4; lastKnownFileType = sourcecode.c.objc; path = "NSData+ImageContentType.m"; sourceTree = "<group>"; };
		B25304AE19C962C80098AB23 /* SDImageCache.h */ = {isa = PBXFileReference; fileEncoding = 4; lastKnownFileType = sourcecode.c.h; path = SDImageCache.h; sourceTree = "<group>"; };
		B25304AF19C962C80098AB23 /* SDImageCache.m */ = {isa = PBXFileReference; fileEncoding = 4; lastKnownFileType = sourcecode.c.objc; path = SDImageCache.m; sourceTree = "<group>"; };
		B25304B019C962C80098AB23 /* SDWebImageCompat.h */ = {isa = PBXFileReference; fileEncoding = 4; lastKnownFileType = sourcecode.c.h; path = SDWebImageCompat.h; sourceTree = "<group>"; };
		B25304B119C962C80098AB23 /* SDWebImageCompat.m */ = {isa = PBXFileReference; fileEncoding = 4; lastKnownFileType = sourcecode.c.objc; path = SDWebImageCompat.m; sourceTree = "<group>"; };
		B25304B219C962C80098AB23 /* SDWebImageDecoder.h */ = {isa = PBXFileReference; fileEncoding = 4; lastKnownFileType = sourcecode.c.h; path = SDWebImageDecoder.h; sourceTree = "<group>"; };
		B25304B319C962C80098AB23 /* SDWebImageDecoder.m */ = {isa = PBXFileReference; fileEncoding = 4; lastKnownFileType = sourcecode.c.objc; path = SDWebImageDecoder.m; sourceTree = "<group>"; };
		B25304B419C962C80098AB23 /* SDWebImageDownloader.h */ = {isa = PBXFileReference; fileEncoding = 4; lastKnownFileType = sourcecode.c.h; path = SDWebImageDownloader.h; sourceTree = "<group>"; };
		B25304B519C962C80098AB23 /* SDWebImageDownloader.m */ = {isa = PBXFileReference; fileEncoding = 4; lastKnownFileType = sourcecode.c.objc; path = SDWebImageDownloader.m; sourceTree = "<group>"; };
		B25304B619C962C80098AB23 /* SDWebImageDownloaderOperation.h */ = {isa = PBXFileReference; fileEncoding = 4; lastKnownFileType = sourcecode.c.h; path = SDWebImageDownloaderOperation.h; sourceTree = "<group>"; };
		B25304B719C962C80098AB23 /* SDWebImageDownloaderOperation.m */ = {isa = PBXFileReference; fileEncoding = 4; lastKnownFileType = sourcecode.c.objc; path = SDWebImageDownloaderOperation.m; sourceTree = "<group>"; };
		B25304B819C962C80098AB23 /* SDWebImageManager.h */ = {isa = PBXFileReference; fileEncoding = 4; lastKnownFileType = sourcecode.c.h; path = SDWebImageManager.h; sourceTree = "<group>"; };
		B25304B919C962C80098AB23 /* SDWebImageManager.m */ = {isa = PBXFileReference; fileEncoding = 4; lastKnownFileType = sourcecode.c.objc; path = SDWebImageManager.m; sourceTree = "<group>"; };
		B25304BA19C962C80098AB23 /* SDWebImageOperation.h */ = {isa = PBXFileReference; fileEncoding = 4; lastKnownFileType = sourcecode.c.h; path = SDWebImageOperation.h; sourceTree = "<group>"; };
		B25304BB19C962C80098AB23 /* SDWebImagePrefetcher.h */ = {isa = PBXFileReference; fileEncoding = 4; lastKnownFileType = sourcecode.c.h; path = SDWebImagePrefetcher.h; sourceTree = "<group>"; };
		B25304BC19C962C80098AB23 /* SDWebImagePrefetcher.m */ = {isa = PBXFileReference; fileEncoding = 4; lastKnownFileType = sourcecode.c.objc; path = SDWebImagePrefetcher.m; sourceTree = "<group>"; };
		B25304BD19C962C80098AB23 /* UIButton+WebCache.h */ = {isa = PBXFileReference; fileEncoding = 4; lastKnownFileType = sourcecode.c.h; path = "UIButton+WebCache.h"; sourceTree = "<group>"; };
		B25304BE19C962C80098AB23 /* UIButton+WebCache.m */ = {isa = PBXFileReference; fileEncoding = 4; lastKnownFileType = sourcecode.c.objc; path = "UIButton+WebCache.m"; sourceTree = "<group>"; };
		B25304BF19C962C80098AB23 /* UIImage+GIF.h */ = {isa = PBXFileReference; fileEncoding = 4; lastKnownFileType = sourcecode.c.h; path = "UIImage+GIF.h"; sourceTree = "<group>"; };
		B25304C019C962C80098AB23 /* UIImage+GIF.m */ = {isa = PBXFileReference; fileEncoding = 4; lastKnownFileType = sourcecode.c.objc; path = "UIImage+GIF.m"; sourceTree = "<group>"; };
		B25304C119C962C80098AB23 /* UIImage+MultiFormat.h */ = {isa = PBXFileReference; fileEncoding = 4; lastKnownFileType = sourcecode.c.h; path = "UIImage+MultiFormat.h"; sourceTree = "<group>"; };
		B25304C219C962C80098AB23 /* UIImage+MultiFormat.m */ = {isa = PBXFileReference; fileEncoding = 4; lastKnownFileType = sourcecode.c.objc; path = "UIImage+MultiFormat.m"; sourceTree = "<group>"; };
		B25304C319C962C80098AB23 /* UIImage+WebP.h */ = {isa = PBXFileReference; fileEncoding = 4; lastKnownFileType = sourcecode.c.h; path = "UIImage+WebP.h"; sourceTree = "<group>"; };
		B25304C419C962C80098AB23 /* UIImage+WebP.m */ = {isa = PBXFileReference; fileEncoding = 4; lastKnownFileType = sourcecode.c.objc; path = "UIImage+WebP.m"; sourceTree = "<group>"; };
		B25304C519C962C80098AB23 /* UIImageView+HighlightedWebCache.h */ = {isa = PBXFileReference; fileEncoding = 4; lastKnownFileType = sourcecode.c.h; path = "UIImageView+HighlightedWebCache.h"; sourceTree = "<group>"; };
		B25304C619C962C80098AB23 /* UIImageView+HighlightedWebCache.m */ = {isa = PBXFileReference; fileEncoding = 4; lastKnownFileType = sourcecode.c.objc; path = "UIImageView+HighlightedWebCache.m"; sourceTree = "<group>"; };
		B25304C719C962C80098AB23 /* UIImageView+WebCache.h */ = {isa = PBXFileReference; fileEncoding = 4; lastKnownFileType = sourcecode.c.h; path = "UIImageView+WebCache.h"; sourceTree = "<group>"; };
		B25304C819C962C80098AB23 /* UIImageView+WebCache.m */ = {isa = PBXFileReference; fileEncoding = 4; lastKnownFileType = sourcecode.c.objc; path = "UIImageView+WebCache.m"; sourceTree = "<group>"; };
		B25304C919C962C80098AB23 /* UIView+WebCacheOperation.h */ = {isa = PBXFileReference; fileEncoding = 4; lastKnownFileType = sourcecode.c.h; path = "UIView+WebCacheOperation.h"; sourceTree = "<group>"; };
		B25304CA19C962C80098AB23 /* UIView+WebCacheOperation.m */ = {isa = PBXFileReference; fileEncoding = 4; lastKnownFileType = sourcecode.c.objc; path = "UIView+WebCacheOperation.m"; sourceTree = "<group>"; };
		B25304DB19C96B880098AB23 /* icon_user_profile@2x.png */ = {isa = PBXFileReference; lastKnownFileType = image.png; path = "icon_user_profile@2x.png"; sourceTree = "<group>"; };
		B28F55A419C47C5C003EF286 /* MBProgressHUD.h */ = {isa = PBXFileReference; fileEncoding = 4; lastKnownFileType = sourcecode.c.h; path = MBProgressHUD.h; sourceTree = "<group>"; };
		B28F55A519C47C5C003EF286 /* MBProgressHUD.m */ = {isa = PBXFileReference; fileEncoding = 4; lastKnownFileType = sourcecode.c.objc; path = MBProgressHUD.m; sourceTree = "<group>"; };
		B28F55AA19C47C7F003EF286 /* AuthController.h */ = {isa = PBXFileReference; fileEncoding = 4; lastKnownFileType = sourcecode.c.h; path = AuthController.h; sourceTree = "<group>"; };
		B28F55AB19C47C7F003EF286 /* AuthController.m */ = {isa = PBXFileReference; fileEncoding = 4; lastKnownFileType = sourcecode.c.objc; path = AuthController.m; sourceTree = "<group>"; };
		B28F55AC19C47C7F003EF286 /* AuthWeiboController.h */ = {isa = PBXFileReference; fileEncoding = 4; lastKnownFileType = sourcecode.c.h; path = AuthWeiboController.h; sourceTree = "<group>"; };
		B28F55AD19C47C7F003EF286 /* AuthWeiboController.m */ = {isa = PBXFileReference; fileEncoding = 4; lastKnownFileType = sourcecode.c.objc; path = AuthWeiboController.m; sourceTree = "<group>"; };
		B28F55B119C47C94003EF286 /* InitialController.h */ = {isa = PBXFileReference; fileEncoding = 4; lastKnownFileType = sourcecode.c.h; path = InitialController.h; sourceTree = "<group>"; };
		B28F55B219C47C94003EF286 /* InitialController.m */ = {isa = PBXFileReference; fileEncoding = 4; lastKnownFileType = sourcecode.c.objc; path = InitialController.m; sourceTree = "<group>"; };
		B28F55B619C47E07003EF286 /* AFHTTPRequestOperation.h */ = {isa = PBXFileReference; fileEncoding = 4; lastKnownFileType = sourcecode.c.h; path = AFHTTPRequestOperation.h; sourceTree = "<group>"; };
		B28F55B719C47E07003EF286 /* AFHTTPRequestOperation.m */ = {isa = PBXFileReference; fileEncoding = 4; lastKnownFileType = sourcecode.c.objc; path = AFHTTPRequestOperation.m; sourceTree = "<group>"; };
		B28F55B819C47E07003EF286 /* AFHTTPRequestOperationManager.h */ = {isa = PBXFileReference; fileEncoding = 4; lastKnownFileType = sourcecode.c.h; path = AFHTTPRequestOperationManager.h; sourceTree = "<group>"; };
		B28F55B919C47E07003EF286 /* AFHTTPRequestOperationManager.m */ = {isa = PBXFileReference; fileEncoding = 4; lastKnownFileType = sourcecode.c.objc; path = AFHTTPRequestOperationManager.m; sourceTree = "<group>"; };
		B28F55BA19C47E07003EF286 /* AFHTTPSessionManager.h */ = {isa = PBXFileReference; fileEncoding = 4; lastKnownFileType = sourcecode.c.h; path = AFHTTPSessionManager.h; sourceTree = "<group>"; };
		B28F55BB19C47E07003EF286 /* AFHTTPSessionManager.m */ = {isa = PBXFileReference; fileEncoding = 4; lastKnownFileType = sourcecode.c.objc; path = AFHTTPSessionManager.m; sourceTree = "<group>"; };
		B28F55BC19C47E07003EF286 /* AFNetworking.h */ = {isa = PBXFileReference; fileEncoding = 4; lastKnownFileType = sourcecode.c.h; path = AFNetworking.h; sourceTree = "<group>"; };
		B28F55BD19C47E07003EF286 /* AFNetworkReachabilityManager.h */ = {isa = PBXFileReference; fileEncoding = 4; lastKnownFileType = sourcecode.c.h; path = AFNetworkReachabilityManager.h; sourceTree = "<group>"; };
		B28F55BE19C47E07003EF286 /* AFNetworkReachabilityManager.m */ = {isa = PBXFileReference; fileEncoding = 4; lastKnownFileType = sourcecode.c.objc; path = AFNetworkReachabilityManager.m; sourceTree = "<group>"; };
		B28F55BF19C47E07003EF286 /* AFSecurityPolicy.h */ = {isa = PBXFileReference; fileEncoding = 4; lastKnownFileType = sourcecode.c.h; path = AFSecurityPolicy.h; sourceTree = "<group>"; };
		B28F55C019C47E07003EF286 /* AFSecurityPolicy.m */ = {isa = PBXFileReference; fileEncoding = 4; lastKnownFileType = sourcecode.c.objc; path = AFSecurityPolicy.m; sourceTree = "<group>"; };
		B28F55C119C47E07003EF286 /* AFURLConnectionOperation.h */ = {isa = PBXFileReference; fileEncoding = 4; lastKnownFileType = sourcecode.c.h; path = AFURLConnectionOperation.h; sourceTree = "<group>"; };
		B28F55C219C47E07003EF286 /* AFURLConnectionOperation.m */ = {isa = PBXFileReference; fileEncoding = 4; lastKnownFileType = sourcecode.c.objc; path = AFURLConnectionOperation.m; sourceTree = "<group>"; };
		B28F55C319C47E07003EF286 /* AFURLRequestSerialization.h */ = {isa = PBXFileReference; fileEncoding = 4; lastKnownFileType = sourcecode.c.h; path = AFURLRequestSerialization.h; sourceTree = "<group>"; };
		B28F55C419C47E07003EF286 /* AFURLRequestSerialization.m */ = {isa = PBXFileReference; fileEncoding = 4; lastKnownFileType = sourcecode.c.objc; path = AFURLRequestSerialization.m; sourceTree = "<group>"; };
		B28F55C519C47E07003EF286 /* AFURLResponseSerialization.h */ = {isa = PBXFileReference; fileEncoding = 4; lastKnownFileType = sourcecode.c.h; path = AFURLResponseSerialization.h; sourceTree = "<group>"; };
		B28F55C619C47E07003EF286 /* AFURLResponseSerialization.m */ = {isa = PBXFileReference; fileEncoding = 4; lastKnownFileType = sourcecode.c.objc; path = AFURLResponseSerialization.m; sourceTree = "<group>"; };
		B28F55C719C47E07003EF286 /* AFURLSessionManager.h */ = {isa = PBXFileReference; fileEncoding = 4; lastKnownFileType = sourcecode.c.h; path = AFURLSessionManager.h; sourceTree = "<group>"; };
		B28F55C819C47E07003EF286 /* AFURLSessionManager.m */ = {isa = PBXFileReference; fileEncoding = 4; lastKnownFileType = sourcecode.c.objc; path = AFURLSessionManager.m; sourceTree = "<group>"; };
		B28F55D519C48260003EF286 /* HttpHelper.h */ = {isa = PBXFileReference; fileEncoding = 4; lastKnownFileType = sourcecode.c.h; path = HttpHelper.h; sourceTree = "<group>"; };
		B28F55D619C48260003EF286 /* HttpHelper.m */ = {isa = PBXFileReference; fileEncoding = 4; lastKnownFileType = sourcecode.c.objc; path = HttpHelper.m; sourceTree = "<group>"; };
		B2DFAFE819C2110B0022ACC9 /* ios_HomebrewWeibo.app */ = {isa = PBXFileReference; explicitFileType = wrapper.application; includeInIndex = 0; path = ios_HomebrewWeibo.app; sourceTree = BUILT_PRODUCTS_DIR; };
		B2DFAFEB19C2110B0022ACC9 /* Foundation.framework */ = {isa = PBXFileReference; lastKnownFileType = wrapper.framework; name = Foundation.framework; path = System/Library/Frameworks/Foundation.framework; sourceTree = SDKROOT; };
		B2DFAFED19C2110B0022ACC9 /* CoreGraphics.framework */ = {isa = PBXFileReference; lastKnownFileType = wrapper.framework; name = CoreGraphics.framework; path = System/Library/Frameworks/CoreGraphics.framework; sourceTree = SDKROOT; };
		B2DFAFEF19C2110C0022ACC9 /* UIKit.framework */ = {isa = PBXFileReference; lastKnownFileType = wrapper.framework; name = UIKit.framework; path = System/Library/Frameworks/UIKit.framework; sourceTree = SDKROOT; };
		B2DFAFF319C2110C0022ACC9 /* ios_HomebrewWeibo-Info.plist */ = {isa = PBXFileReference; lastKnownFileType = text.plist.xml; path = "ios_HomebrewWeibo-Info.plist"; sourceTree = "<group>"; };
		B2DFAFF519C2110C0022ACC9 /* en */ = {isa = PBXFileReference; lastKnownFileType = text.plist.strings; name = en; path = en.lproj/InfoPlist.strings; sourceTree = "<group>"; };
		B2DFAFF919C2110C0022ACC9 /* ios_HomebrewWeibo-Prefix.pch */ = {isa = PBXFileReference; lastKnownFileType = sourcecode.c.h; path = "ios_HomebrewWeibo-Prefix.pch"; sourceTree = "<group>"; };
		B2DFB00319C2110C0022ACC9 /* ios_HomebrewWeiboTests.xctest */ = {isa = PBXFileReference; explicitFileType = wrapper.cfbundle; includeInIndex = 0; path = ios_HomebrewWeiboTests.xctest; sourceTree = BUILT_PRODUCTS_DIR; };
		B2DFB00419C2110C0022ACC9 /* XCTest.framework */ = {isa = PBXFileReference; lastKnownFileType = wrapper.framework; name = XCTest.framework; path = Library/Frameworks/XCTest.framework; sourceTree = DEVELOPER_DIR; };
		B2DFB00C19C2110C0022ACC9 /* ios_HomebrewWeiboTests-Info.plist */ = {isa = PBXFileReference; lastKnownFileType = text.plist.xml; path = "ios_HomebrewWeiboTests-Info.plist"; sourceTree = "<group>"; };
		B2DFB00E19C2110C0022ACC9 /* en */ = {isa = PBXFileReference; lastKnownFileType = text.plist.strings; name = en; path = en.lproj/InfoPlist.strings; sourceTree = "<group>"; };
		B2DFB01019C2110C0022ACC9 /* ios_HomebrewWeiboTests.m */ = {isa = PBXFileReference; lastKnownFileType = sourcecode.c.objc; path = ios_HomebrewWeiboTests.m; sourceTree = "<group>"; };
		B2E8D8FF19C21AA10095AA22 /* AppDelegate.h */ = {isa = PBXFileReference; fileEncoding = 4; lastKnownFileType = sourcecode.c.h; path = AppDelegate.h; sourceTree = "<group>"; };
		B2E8D90019C21AA10095AA22 /* AppDelegate.m */ = {isa = PBXFileReference; fileEncoding = 4; lastKnownFileType = sourcecode.c.objc; path = AppDelegate.m; sourceTree = "<group>"; };
		B2E8D90119C21AA10095AA22 /* main.m */ = {isa = PBXFileReference; fileEncoding = 4; lastKnownFileType = sourcecode.c.objc; path = main.m; sourceTree = "<group>"; };
		B2FF535619C5459900835A7E /* auth_navitem_cancel@2x.png */ = {isa = PBXFileReference; lastKnownFileType = image.png; path = "auth_navitem_cancel@2x.png"; sourceTree = "<group>"; };
		B2FF535819C549FA00835A7E /* auth_navbar@2x.png */ = {isa = PBXFileReference; lastKnownFileType = image.png; path = "auth_navbar@2x.png"; sourceTree = "<group>"; };
		B2FF536519C5713800835A7E /* MainController.h */ = {isa = PBXFileReference; fileEncoding = 4; lastKnownFileType = sourcecode.c.h; path = MainController.h; sourceTree = "<group>"; };
		B2FF536619C5713800835A7E /* MainController.m */ = {isa = PBXFileReference; fileEncoding = 4; lastKnownFileType = sourcecode.c.objc; path = MainController.m; sourceTree = "<group>"; };
		B2FF538B19C5836C00835A7E /* HomeController.h */ = {isa = PBXFileReference; fileEncoding = 4; lastKnownFileType = sourcecode.c.h; path = HomeController.h; sourceTree = "<group>"; };
		B2FF538C19C5836C00835A7E /* HomeController.m */ = {isa = PBXFileReference; fileEncoding = 4; lastKnownFileType = sourcecode.c.objc; path = HomeController.m; sourceTree = "<group>"; };
		B2FF539319C5859A00835A7E /* MainNavigationController.h */ = {isa = PBXFileReference; fileEncoding = 4; lastKnownFileType = sourcecode.c.h; path = MainNavigationController.h; sourceTree = "<group>"; };
		B2FF539419C5859A00835A7E /* MainNavigationController.m */ = {isa = PBXFileReference; fileEncoding = 4; lastKnownFileType = sourcecode.c.objc; path = MainNavigationController.m; sourceTree = "<group>"; };
/* End PBXFileReference section */

/* Begin PBXFrameworksBuildPhase section */
		B2DFAFE519C2110B0022ACC9 /* Frameworks */ = {
			isa = PBXFrameworksBuildPhase;
			buildActionMask = 2147483647;
			files = (
				B2DFAFEE19C2110B0022ACC9 /* CoreGraphics.framework in Frameworks */,
				B2DFAFF019C2110C0022ACC9 /* UIKit.framework in Frameworks */,
				B2DFAFEC19C2110B0022ACC9 /* Foundation.framework in Frameworks */,
			);
			runOnlyForDeploymentPostprocessing = 0;
		};
		B2DFB00019C2110C0022ACC9 /* Frameworks */ = {
			isa = PBXFrameworksBuildPhase;
			buildActionMask = 2147483647;
			files = (
				B2DFB00519C2110C0022ACC9 /* XCTest.framework in Frameworks */,
				B2DFB00719C2110C0022ACC9 /* UIKit.framework in Frameworks */,
				B2DFB00619C2110C0022ACC9 /* Foundation.framework in Frameworks */,
			);
			runOnlyForDeploymentPostprocessing = 0;
		};
/* End PBXFrameworksBuildPhase section */

/* Begin PBXGroup section */
		B225AF7B19C2D4E600541DF9 /* Initial */ = {
			isa = PBXGroup;
			children = (
				B225AFC519C32E3C00541DF9 /* initial_button_normal@2x.png */,
				B225AFC619C32E3C00541DF9 /* initial_button_selected@2x.png */,
				B225AFBD19C325B400541DF9 /* initial_page_1@2x.png */,
				B225AFBE19C325B400541DF9 /* initial_page_2@2x.png */,
				B225AFBF19C325B400541DF9 /* initial_page_3@2x.png */,
				B225AFC019C325B400541DF9 /* initial_page_4@2x.png */,
				B225AF8819C2DB1A00541DF9 /* initial_background-568h.png */,
				B225AF8919C2DB1A00541DF9 /* initial_background.png */,
				B225AF8A19C2DB1A00541DF9 /* initial_background@2x.png */,
			);
			path = Initial;
			sourceTree = "<group>";
		};
		B225AFD419C4780200541DF9 /* Utils */ = {
			isa = PBXGroup;
			children = (
				B253048B19C88A100098AB23 /* CustomGroupTable */,
				B225AFD519C4780200541DF9 /* UIImage+Extend.h */,
				B225AFD619C4780200541DF9 /* UIImage+Extend.m */,
				B28F55D519C48260003EF286 /* HttpHelper.h */,
				B28F55D619C48260003EF286 /* HttpHelper.m */,
			);
			path = Utils;
			sourceTree = "<group>";
		};
		B23260B219C7B92A00089309 /* View */ = {
			isa = PBXGroup;
			children = (
				B25304A019C932290098AB23 /* StatusCell.h */,
				B25304A119C932290098AB23 /* StatusCell.m */,
				B25304A619C95FE90098AB23 /* StatusCellFrame.h */,
				B25304A719C95FE90098AB23 /* StatusCellFrame.m */,
			);
			path = View;
			sourceTree = "<group>";
		};
		B23260B319C7BAA500089309 /* Models */ = {
			isa = PBXGroup;
			children = (
				B23260BA19C7BBBC00089309 /* Account.h */,
				B23260BB19C7BBBC00089309 /* Account.m */,
				B23260B419C7BAF000089309 /* User.h */,
				B23260B619C7BAF000089309 /* User.m */,
				B23260B519C7BAF000089309 /* UserHelper.h */,
				B23260B719C7BAF000089309 /* UserHelper.m */,
				B23260BD19C7BD4500089309 /* Status.h */,
				B23260BE19C7BD4500089309 /* Status.m */,
				B25304A319C93D500098AB23 /* StatusHelper.h */,
				B25304A419C93D500098AB23 /* StatusHelper.m */,
				B23260C119C8148600089309 /* Geo.h */,
				B23260C219C8148600089309 /* Geo.m */,
			);
			path = Models;
			sourceTree = "<group>";
		};
		B23260C019C8114100089309 /* View */ = {
			isa = PBXGroup;
			children = (
			);
			path = View;
			sourceTree = "<group>";
		};
		B23260C419C8230100089309 /* MJRefresh */ = {
			isa = PBXGroup;
			children = (
				B23260C519C8230100089309 /* MJRefresh.bundle */,
				B23260C619C8230100089309 /* MJRefresh.h */,
				B23260C719C8230100089309 /* MJRefreshBaseView.h */,
				B23260C819C8230100089309 /* MJRefreshBaseView.m */,
				B23260C919C8230100089309 /* MJRefreshConst.h */,
				B23260CA19C8230100089309 /* MJRefreshConst.m */,
				B23260CB19C8230100089309 /* MJRefreshFooterView.h */,
				B23260CC19C8230100089309 /* MJRefreshFooterView.m */,
				B23260CD19C8230100089309 /* MJRefreshHeaderView.h */,
				B23260CE19C8230100089309 /* MJRefreshHeaderView.m */,
				B23260CF19C8230100089309 /* UIScrollView+MJExtension.h */,
				B23260D019C8230100089309 /* UIScrollView+MJExtension.m */,
				B23260D119C8230100089309 /* UIScrollView+MJRefresh.h */,
				B23260D219C8230100089309 /* UIScrollView+MJRefresh.m */,
				B23260D319C8230100089309 /* UIView+MJExtension.h */,
				B23260D419C8230100089309 /* UIView+MJExtension.m */,
			);
			path = MJRefresh;
			sourceTree = "<group>";
		};
		B253048B19C88A100098AB23 /* CustomGroupTable */ = {
			isa = PBXGroup;
			children = (
				B253048C19C88A5C0098AB23 /* CustomGroupCell.h */,
				B253048D19C88A5C0098AB23 /* CustomGroupCell.m */,
				B253048F19C88A780098AB23 /* CustomGroupTableView.h */,
				B253049019C88A780098AB23 /* CustomGroupTableView.m */,
			);
			path = CustomGroupTable;
			sourceTree = "<group>";
		};
		B253049419C89A090098AB23 /* View */ = {
			isa = PBXGroup;
			children = (
				B253049519C89A190098AB23 /* SettingViewConfig.plist */,
			);
			path = View;
			sourceTree = "<group>";
		};
		B253049719C89BE20098AB23 /* Icons */ = {
			isa = PBXGroup;
			children = (
				B25304DB19C96B880098AB23 /* icon_user_profile@2x.png */,
				B253049C19C8A48A0098AB23 /* icon_status_post@2x.png */,
				B253049D19C8A48A0098AB23 /* icon_user_group@2x.png */,
				B253049A19C89D170098AB23 /* icon_config@2x.png */,
			);
			path = Icons;
			sourceTree = "<group>";
		};
		B25304A919C962C80098AB23 /* SDWebImage */ = {
			isa = PBXGroup;
			children = (
				B25304AA19C962C80098AB23 /* MKAnnotationView+WebCache.h */,
				B25304AB19C962C80098AB23 /* MKAnnotationView+WebCache.m */,
				B25304AC19C962C80098AB23 /* NSData+ImageContentType.h */,
				B25304AD19C962C80098AB23 /* NSData+ImageContentType.m */,
				B25304AE19C962C80098AB23 /* SDImageCache.h */,
				B25304AF19C962C80098AB23 /* SDImageCache.m */,
				B25304B019C962C80098AB23 /* SDWebImageCompat.h */,
				B25304B119C962C80098AB23 /* SDWebImageCompat.m */,
				B25304B219C962C80098AB23 /* SDWebImageDecoder.h */,
				B25304B319C962C80098AB23 /* SDWebImageDecoder.m */,
				B25304B419C962C80098AB23 /* SDWebImageDownloader.h */,
				B25304B519C962C80098AB23 /* SDWebImageDownloader.m */,
				B25304B619C962C80098AB23 /* SDWebImageDownloaderOperation.h */,
				B25304B719C962C80098AB23 /* SDWebImageDownloaderOperation.m */,
				B25304B819C962C80098AB23 /* SDWebImageManager.h */,
				B25304B919C962C80098AB23 /* SDWebImageManager.m */,
				B25304BA19C962C80098AB23 /* SDWebImageOperation.h */,
				B25304BB19C962C80098AB23 /* SDWebImagePrefetcher.h */,
				B25304BC19C962C80098AB23 /* SDWebImagePrefetcher.m */,
				B25304BD19C962C80098AB23 /* UIButton+WebCache.h */,
				B25304BE19C962C80098AB23 /* UIButton+WebCache.m */,
				B25304BF19C962C80098AB23 /* UIImage+GIF.h */,
				B25304C019C962C80098AB23 /* UIImage+GIF.m */,
				B25304C119C962C80098AB23 /* UIImage+MultiFormat.h */,
				B25304C219C962C80098AB23 /* UIImage+MultiFormat.m */,
				B25304C319C962C80098AB23 /* UIImage+WebP.h */,
				B25304C419C962C80098AB23 /* UIImage+WebP.m */,
				B25304C519C962C80098AB23 /* UIImageView+HighlightedWebCache.h */,
				B25304C619C962C80098AB23 /* UIImageView+HighlightedWebCache.m */,
				B25304C719C962C80098AB23 /* UIImageView+WebCache.h */,
				B25304C819C962C80098AB23 /* UIImageView+WebCache.m */,
				B25304C919C962C80098AB23 /* UIView+WebCacheOperation.h */,
				B25304CA19C962C80098AB23 /* UIView+WebCacheOperation.m */,
			);
			path = SDWebImage;
			sourceTree = "<group>";
		};
		B28D208319C281AC00C71495 /* Icons */ = {
			isa = PBXGroup;
			children = (
				B225AFCA19C3420C00541DF9 /* app_laungh-568h.png */,
				B225AFCB19C3420C00541DF9 /* app_laungh.png */,
				B225AFCC19C3420C00541DF9 /* app_laungh@2x.png */,
				B20BA1D619C28DF600345CEC /* AppIcon29x29@2x.png */,
				B20BA1D719C28DF600345CEC /* AppIcon40x40@2x.png */,
				B20BA1D819C28DF600345CEC /* AppIcon60x60@2x.png */,
			);
			path = Icons;
			sourceTree = "<group>";
		};
		B28F559219C47C2E003EF286 /* Auth */ = {
			isa = PBXGroup;
			children = (
				B28F55A919C47C7F003EF286 /* Controller */,
			);
			path = Auth;
			sourceTree = "<group>";
		};
		B28F559719C47C2E003EF286 /* Initial */ = {
			isa = PBXGroup;
			children = (
				B28F55B019C47C94003EF286 /* Controller */,
			);
			path = Initial;
			sourceTree = "<group>";
		};
		B28F559A19C47C2E003EF286 /* Main */ = {
			isa = PBXGroup;
			children = (
				B2FF536119C56E9400835A7E /* Controller */,
			);
			path = Main;
			sourceTree = "<group>";
		};
		B28F559E19C47C5C003EF286 /* Vendors */ = {
			isa = PBXGroup;
			children = (
				B25304A919C962C80098AB23 /* SDWebImage */,
				B23260C419C8230100089309 /* MJRefresh */,
				B28F55B519C47E07003EF286 /* AFNetworking */,
				B28F55A319C47C5C003EF286 /* MBProgressHUD */,
			);
			path = Vendors;
			sourceTree = "<group>";
		};
		B28F55A319C47C5C003EF286 /* MBProgressHUD */ = {
			isa = PBXGroup;
			children = (
				B28F55A419C47C5C003EF286 /* MBProgressHUD.h */,
				B28F55A519C47C5C003EF286 /* MBProgressHUD.m */,
			);
			path = MBProgressHUD;
			sourceTree = "<group>";
		};
		B28F55A919C47C7F003EF286 /* Controller */ = {
			isa = PBXGroup;
			children = (
				B28F55AA19C47C7F003EF286 /* AuthController.h */,
				B28F55AB19C47C7F003EF286 /* AuthController.m */,
				B28F55AC19C47C7F003EF286 /* AuthWeiboController.h */,
				B28F55AD19C47C7F003EF286 /* AuthWeiboController.m */,
			);
			path = Controller;
			sourceTree = "<group>";
		};
		B28F55B019C47C94003EF286 /* Controller */ = {
			isa = PBXGroup;
			children = (
				B28F55B119C47C94003EF286 /* InitialController.h */,
				B28F55B219C47C94003EF286 /* InitialController.m */,
			);
			path = Controller;
			sourceTree = "<group>";
		};
		B28F55B519C47E07003EF286 /* AFNetworking */ = {
			isa = PBXGroup;
			children = (
				B28F55B619C47E07003EF286 /* AFHTTPRequestOperation.h */,
				B28F55B719C47E07003EF286 /* AFHTTPRequestOperation.m */,
				B28F55B819C47E07003EF286 /* AFHTTPRequestOperationManager.h */,
				B28F55B919C47E07003EF286 /* AFHTTPRequestOperationManager.m */,
				B28F55BA19C47E07003EF286 /* AFHTTPSessionManager.h */,
				B28F55BB19C47E07003EF286 /* AFHTTPSessionManager.m */,
				B28F55BC19C47E07003EF286 /* AFNetworking.h */,
				B28F55BD19C47E07003EF286 /* AFNetworkReachabilityManager.h */,
				B28F55BE19C47E07003EF286 /* AFNetworkReachabilityManager.m */,
				B28F55BF19C47E07003EF286 /* AFSecurityPolicy.h */,
				B28F55C019C47E07003EF286 /* AFSecurityPolicy.m */,
				B28F55C119C47E07003EF286 /* AFURLConnectionOperation.h */,
				B28F55C219C47E07003EF286 /* AFURLConnectionOperation.m */,
				B28F55C319C47E07003EF286 /* AFURLRequestSerialization.h */,
				B28F55C419C47E07003EF286 /* AFURLRequestSerialization.m */,
				B28F55C519C47E07003EF286 /* AFURLResponseSerialization.h */,
				B28F55C619C47E07003EF286 /* AFURLResponseSerialization.m */,
				B28F55C719C47E07003EF286 /* AFURLSessionManager.h */,
				B28F55C819C47E07003EF286 /* AFURLSessionManager.m */,
			);
			path = AFNetworking;
			sourceTree = "<group>";
		};
		B2DFAFDF19C2110B0022ACC9 = {
			isa = PBXGroup;
			children = (
				B2DFAFF119C2110C0022ACC9 /* ios_HomebrewWeibo */,
				B2DFB00A19C2110C0022ACC9 /* ios_HomebrewWeiboTests */,
				B2DFAFEA19C2110B0022ACC9 /* Frameworks */,
				B2DFAFE919C2110B0022ACC9 /* Products */,
			);
			sourceTree = "<group>";
		};
		B2DFAFE919C2110B0022ACC9 /* Products */ = {
			isa = PBXGroup;
			children = (
				B2DFAFE819C2110B0022ACC9 /* ios_HomebrewWeibo.app */,
				B2DFB00319C2110C0022ACC9 /* ios_HomebrewWeiboTests.xctest */,
			);
			name = Products;
			sourceTree = "<group>";
		};
		B2DFAFEA19C2110B0022ACC9 /* Frameworks */ = {
			isa = PBXGroup;
			children = (
				B2DFAFEB19C2110B0022ACC9 /* Foundation.framework */,
				B2DFAFED19C2110B0022ACC9 /* CoreGraphics.framework */,
				B2DFAFEF19C2110C0022ACC9 /* UIKit.framework */,
				B2DFB00419C2110C0022ACC9 /* XCTest.framework */,
			);
			name = Frameworks;
			sourceTree = "<group>";
		};
		B2DFAFF119C2110C0022ACC9 /* ios_HomebrewWeibo */ = {
			isa = PBXGroup;
			children = (
				B2E8D8FE19C21A770095AA22 /* Classes */,
				B20BA1D419C2897400345CEC /* Images.xcassets */,
				B2DFAFF219C2110C0022ACC9 /* Supporting Files */,
			);
			path = ios_HomebrewWeibo;
			sourceTree = "<group>";
		};
		B2DFAFF219C2110C0022ACC9 /* Supporting Files */ = {
			isa = PBXGroup;
			children = (
				B2E8D8F119C219F10095AA22 /* Resources */,
				B2DFAFF319C2110C0022ACC9 /* ios_HomebrewWeibo-Info.plist */,
				B2DFAFF419C2110C0022ACC9 /* InfoPlist.strings */,
				B2DFAFF919C2110C0022ACC9 /* ios_HomebrewWeibo-Prefix.pch */,
			);
			name = "Supporting Files";
			sourceTree = "<group>";
		};
		B2DFB00A19C2110C0022ACC9 /* ios_HomebrewWeiboTests */ = {
			isa = PBXGroup;
			children = (
				B2DFB01019C2110C0022ACC9 /* ios_HomebrewWeiboTests.m */,
				B2DFB00B19C2110C0022ACC9 /* Supporting Files */,
			);
			path = ios_HomebrewWeiboTests;
			sourceTree = "<group>";
		};
		B2DFB00B19C2110C0022ACC9 /* Supporting Files */ = {
			isa = PBXGroup;
			children = (
				B2DFB00C19C2110C0022ACC9 /* ios_HomebrewWeiboTests-Info.plist */,
				B2DFB00D19C2110C0022ACC9 /* InfoPlist.strings */,
			);
			name = "Supporting Files";
			sourceTree = "<group>";
		};
		B2E8D8F119C219F10095AA22 /* Resources */ = {
			isa = PBXGroup;
			children = (
				B253049719C89BE20098AB23 /* Icons */,
				B2E8D8F219C219F10095AA22 /* Images */,
			);
			path = Resources;
			sourceTree = "<group>";
		};
		B2E8D8F219C219F10095AA22 /* Images */ = {
			isa = PBXGroup;
			children = (
				B2FF535119C5416D00835A7E /* Auth */,
				B225AF7B19C2D4E600541DF9 /* Initial */,
				B2FF536819C5771500835A7E /* Main */,
				B28D208319C281AC00C71495 /* Icons */,
			);
			path = Images;
			sourceTree = "<group>";
		};
		B2E8D8FE19C21A770095AA22 /* Classes */ = {
			isa = PBXGroup;
			children = (
				B28F559219C47C2E003EF286 /* Auth */,
				B28F559719C47C2E003EF286 /* Initial */,
				B28F559A19C47C2E003EF286 /* Main */,
				B2FF537919C5784900835A7E /* Home */,
				B2FF537C19C579CA00835A7E /* Message */,
				B2FF537F19C579D700835A7E /* Post */,
				B2FF538219C579D700835A7E /* Search */,
				B2FF538519C579D700835A7E /* User */,
				B2FF538819C579FB00835A7E /* Setting */,
				B23260B319C7BAA500089309 /* Models */,
				B225AFD419C4780200541DF9 /* Utils */,
				B28F559E19C47C5C003EF286 /* Vendors */,
				B2E8D8FF19C21AA10095AA22 /* AppDelegate.h */,
				B2E8D90019C21AA10095AA22 /* AppDelegate.m */,
				B2E8D90119C21AA10095AA22 /* main.m */,
				B225AFC919C3393A00541DF9 /* Common.h */,
			);
			path = Classes;
			sourceTree = "<group>";
		};
		B2FF535119C5416D00835A7E /* Auth */ = {
			isa = PBXGroup;
			children = (
				B2FF535619C5459900835A7E /* auth_navitem_cancel@2x.png */,
				B2FF535819C549FA00835A7E /* auth_navbar@2x.png */,
			);
			path = Auth;
			sourceTree = "<group>";
		};
		B2FF536119C56E9400835A7E /* Controller */ = {
			isa = PBXGroup;
			children = (
				B2FF536519C5713800835A7E /* MainController.h */,
				B2FF536619C5713800835A7E /* MainController.m */,
				B2FF539319C5859A00835A7E /* MainNavigationController.h */,
				B2FF539419C5859A00835A7E /* MainNavigationController.m */,
			);
			path = Controller;
			sourceTree = "<group>";
		};
		B2FF536819C5771500835A7E /* Main */ = {
			isa = PBXGroup;
			children = (
				B23260A519C6E18200089309 /* main_tabbar_discover_highlighted@2x.png */,
				B23260A619C6E18200089309 /* main_tabbar_discover@2x.png */,
				B232607819C6CEF900089309 /* main_navbar@2x.png */,
				B232607A19C6D01B00089309 /* main_tabbar@2x.png */,
				B232607C19C6D94900089309 /* main_tabbar_add_highlighted@2x.png */,
				B232607D19C6D94900089309 /* main_tabbar_add@2x.png */,
				B232607E19C6D94900089309 /* main_tabbar_home_highlighted@2x.png */,
				B232607F19C6D94900089309 /* main_tabbar_home@2x.png */,
				B232608019C6D94900089309 /* main_tabbar_message_center_highlighted@2x.png */,
				B232608119C6D94900089309 /* main_tabbar_message_center@2x.png */,
				B232608219C6D94900089309 /* main_tabbar_more_highlighted@2x.png */,
				B232608319C6D94900089309 /* main_tabbar_more@2x.png */,
				B232608419C6D94900089309 /* main_tabbar_profile_highlighted@2x.png */,
				B232608519C6D94900089309 /* main_tabbar_profile@2x.png */,
			);
			path = Main;
			sourceTree = "<group>";
		};
		B2FF537919C5784900835A7E /* Home */ = {
			isa = PBXGroup;
			children = (
				B2FF537A19C5784900835A7E /* Controller */,
				B23260B219C7B92A00089309 /* View */,
			);
			path = Home;
			sourceTree = "<group>";
		};
		B2FF537A19C5784900835A7E /* Controller */ = {
			isa = PBXGroup;
			children = (
				B2FF538B19C5836C00835A7E /* HomeController.h */,
				B2FF538C19C5836C00835A7E /* HomeController.m */,
			);
			path = Controller;
			sourceTree = "<group>";
		};
		B2FF537C19C579CA00835A7E /* Message */ = {
			isa = PBXGroup;
			children = (
				B2FF537D19C579CA00835A7E /* Controller */,
			);
			path = Message;
			sourceTree = "<group>";
		};
		B2FF537D19C579CA00835A7E /* Controller */ = {
			isa = PBXGroup;
			children = (
				B232607519C6CA8B00089309 /* MessageController.h */,
				B232607619C6CA8B00089309 /* MessageController.m */,
			);
			path = Controller;
			sourceTree = "<group>";
		};
		B2FF537F19C579D700835A7E /* Post */ = {
			isa = PBXGroup;
			children = (
				B2FF538019C579D700835A7E /* Controller */,
				B23260C019C8114100089309 /* View */,
			);
			path = Post;
			sourceTree = "<group>";
		};
		B2FF538019C579D700835A7E /* Controller */ = {
			isa = PBXGroup;
			children = (
				B232609619C6DFAF00089309 /* PostController.h */,
				B232609719C6DFAF00089309 /* PostController.m */,
			);
			path = Controller;
			sourceTree = "<group>";
		};
		B2FF538219C579D700835A7E /* Search */ = {
			isa = PBXGroup;
			children = (
				B2FF538319C579D700835A7E /* Controller */,
			);
			path = Search;
			sourceTree = "<group>";
		};
		B2FF538319C579D700835A7E /* Controller */ = {
			isa = PBXGroup;
			children = (
				B232609319C6DF8000089309 /* SearchController.h */,
				B232609419C6DF8000089309 /* SearchController.m */,
			);
			path = Controller;
			sourceTree = "<group>";
		};
		B2FF538519C579D700835A7E /* User */ = {
			isa = PBXGroup;
			children = (
				B2FF538619C579D700835A7E /* Controller */,
			);
			path = User;
			sourceTree = "<group>";
		};
		B2FF538619C579D700835A7E /* Controller */ = {
			isa = PBXGroup;
			children = (
				B23260A219C6E05400089309 /* UserController.h */,
				B23260A319C6E05400089309 /* UserController.m */,
			);
			path = Controller;
			sourceTree = "<group>";
		};
		B2FF538819C579FB00835A7E /* Setting */ = {
			isa = PBXGroup;
			children = (
				B2FF538919C579FB00835A7E /* Controller */,
				B253049419C89A090098AB23 /* View */,
			);
			path = Setting;
			sourceTree = "<group>";
		};
		B2FF538919C579FB00835A7E /* Controller */ = {
			isa = PBXGroup;
			children = (
				B232609F19C6DFF900089309 /* SettingController.h */,
				B23260A019C6DFF900089309 /* SettingController.m */,
			);
			path = Controller;
			sourceTree = "<group>";
		};
/* End PBXGroup section */

/* Begin PBXNativeTarget section */
		B2DFAFE719C2110B0022ACC9 /* ios_HomebrewWeibo */ = {
			isa = PBXNativeTarget;
			buildConfigurationList = B2DFB01419C2110C0022ACC9 /* Build configuration list for PBXNativeTarget "ios_HomebrewWeibo" */;
			buildPhases = (
				B2DFAFE419C2110B0022ACC9 /* Sources */,
				B2DFAFE519C2110B0022ACC9 /* Frameworks */,
				B2DFAFE619C2110B0022ACC9 /* Resources */,
			);
			buildRules = (
			);
			dependencies = (
			);
			name = ios_HomebrewWeibo;
			productName = ios_HomebrewWeibo;
			productReference = B2DFAFE819C2110B0022ACC9 /* ios_HomebrewWeibo.app */;
			productType = "com.apple.product-type.application";
		};
		B2DFB00219C2110C0022ACC9 /* ios_HomebrewWeiboTests */ = {
			isa = PBXNativeTarget;
			buildConfigurationList = B2DFB01719C2110C0022ACC9 /* Build configuration list for PBXNativeTarget "ios_HomebrewWeiboTests" */;
			buildPhases = (
				B2DFAFFF19C2110C0022ACC9 /* Sources */,
				B2DFB00019C2110C0022ACC9 /* Frameworks */,
				B2DFB00119C2110C0022ACC9 /* Resources */,
			);
			buildRules = (
			);
			dependencies = (
				B2DFB00919C2110C0022ACC9 /* PBXTargetDependency */,
			);
			name = ios_HomebrewWeiboTests;
			productName = ios_HomebrewWeiboTests;
			productReference = B2DFB00319C2110C0022ACC9 /* ios_HomebrewWeiboTests.xctest */;
			productType = "com.apple.product-type.bundle.unit-test";
		};
/* End PBXNativeTarget section */

/* Begin PBXProject section */
		B2DFAFE019C2110B0022ACC9 /* Project object */ = {
			isa = PBXProject;
			attributes = {
				LastUpgradeCheck = 0510;
				ORGANIZATIONNAME = Benny;
				TargetAttributes = {
					B2DFB00219C2110C0022ACC9 = {
						TestTargetID = B2DFAFE719C2110B0022ACC9;
					};
				};
			};
			buildConfigurationList = B2DFAFE319C2110B0022ACC9 /* Build configuration list for PBXProject "ios_HomebrewWeibo" */;
			compatibilityVersion = "Xcode 3.2";
			developmentRegion = English;
			hasScannedForEncodings = 0;
			knownRegions = (
				en,
			);
			mainGroup = B2DFAFDF19C2110B0022ACC9;
			productRefGroup = B2DFAFE919C2110B0022ACC9 /* Products */;
			projectDirPath = "";
			projectRoot = "";
			targets = (
				B2DFAFE719C2110B0022ACC9 /* ios_HomebrewWeibo */,
				B2DFB00219C2110C0022ACC9 /* ios_HomebrewWeiboTests */,
			);
		};
/* End PBXProject section */

/* Begin PBXResourcesBuildPhase section */
		B2DFAFE619C2110B0022ACC9 /* Resources */ = {
			isa = PBXResourcesBuildPhase;
			buildActionMask = 2147483647;
			files = (
				B225AFC119C325B400541DF9 /* initial_page_1@2x.png in Resources */,
				B225AF8B19C2DB1A00541DF9 /* initial_background-568h.png in Resources */,
				B225AFCE19C3420C00541DF9 /* app_laungh.png in Resources */,
				B232608819C6D94900089309 /* main_tabbar_home_highlighted@2x.png in Resources */,
				B225AF8C19C2DB1A00541DF9 /* initial_background.png in Resources */,
				B20BA1D919C28DF600345CEC /* AppIcon29x29@2x.png in Resources */,
				B232608D19C6D94900089309 /* main_tabbar_more@2x.png in Resources */,
				B225AFCF19C3420C00541DF9 /* app_laungh@2x.png in Resources */,
				B232608C19C6D94900089309 /* main_tabbar_more_highlighted@2x.png in Resources */,
				B232608A19C6D94900089309 /* main_tabbar_message_center_highlighted@2x.png in Resources */,
				B20BA1DA19C28DF600345CEC /* AppIcon40x40@2x.png in Resources */,
				B225AFC219C325B400541DF9 /* initial_page_2@2x.png in Resources */,
				B232608E19C6D94900089309 /* main_tabbar_profile_highlighted@2x.png in Resources */,
				B225AF8D19C2DB1A00541DF9 /* initial_background@2x.png in Resources */,
				B225AFC719C32E3C00541DF9 /* initial_button_normal@2x.png in Resources */,
				B232607919C6CEF900089309 /* main_navbar@2x.png in Resources */,
				B232607B19C6D01B00089309 /* main_tabbar@2x.png in Resources */,
				B225AFC819C32E3C00541DF9 /* initial_button_selected@2x.png in Resources */,
				B2FF535719C5459900835A7E /* auth_navitem_cancel@2x.png in Resources */,
				B20BA1D519C2897400345CEC /* Images.xcassets in Resources */,
				B2FF535919C549FA00835A7E /* auth_navbar@2x.png in Resources */,
				B232608619C6D94900089309 /* main_tabbar_add_highlighted@2x.png in Resources */,
				B2DFAFF619C2110C0022ACC9 /* InfoPlist.strings in Resources */,
				B253049F19C8A48A0098AB23 /* icon_user_group@2x.png in Resources */,
				B23260D519C8230100089309 /* MJRefresh.bundle in Resources */,
				B253049B19C89D170098AB23 /* icon_config@2x.png in Resources */,
				B232608F19C6D94900089309 /* main_tabbar_profile@2x.png in Resources */,
				B225AFCD19C3420C00541DF9 /* app_laungh-568h.png in Resources */,
				B232608719C6D94900089309 /* main_tabbar_add@2x.png in Resources */,
				B253049619C89A190098AB23 /* SettingViewConfig.plist in Resources */,
				B253049E19C8A48A0098AB23 /* icon_status_post@2x.png in Resources */,
				B232608919C6D94900089309 /* main_tabbar_home@2x.png in Resources */,
				B225AFC419C325B400541DF9 /* initial_page_4@2x.png in Resources */,
				B20BA1DB19C28DF600345CEC /* AppIcon60x60@2x.png in Resources */,
				B232608B19C6D94900089309 /* main_tabbar_message_center@2x.png in Resources */,
				B25304DC19C96B880098AB23 /* icon_user_profile@2x.png in Resources */,
				B23260A719C6E18200089309 /* main_tabbar_discover_highlighted@2x.png in Resources */,
				B23260A819C6E18200089309 /* main_tabbar_discover@2x.png in Resources */,
				B225AFC319C325B400541DF9 /* initial_page_3@2x.png in Resources */,
			);
			runOnlyForDeploymentPostprocessing = 0;
		};
		B2DFB00119C2110C0022ACC9 /* Resources */ = {
			isa = PBXResourcesBuildPhase;
			buildActionMask = 2147483647;
			files = (
				B2DFB00F19C2110C0022ACC9 /* InfoPlist.strings in Resources */,
			);
			runOnlyForDeploymentPostprocessing = 0;
		};
/* End PBXResourcesBuildPhase section */

/* Begin PBXSourcesBuildPhase section */
		B2DFAFE419C2110B0022ACC9 /* Sources */ = {
			isa = PBXSourcesBuildPhase;
			buildActionMask = 2147483647;
			files = (
				B23260DA19C8230100089309 /* UIScrollView+MJExtension.m in Sources */,
				B28F55CE19C47E07003EF286 /* AFURLConnectionOperation.m in Sources */,
				B28F55AE19C47C7F003EF286 /* AuthController.m in Sources */,
				B2E8D90319C21AA10095AA22 /* main.m in Sources */,
				B28F55AF19C47C7F003EF286 /* AuthWeiboController.m in Sources */,
				B23260C319C8148600089309 /* Geo.m in Sources */,
				B28F55D019C47E07003EF286 /* AFURLResponseSerialization.m in Sources */,
				B253048E19C88A5C0098AB23 /* CustomGroupCell.m in Sources */,
				B28F55B319C47C94003EF286 /* InitialController.m in Sources */,
				B25304D419C962C80098AB23 /* UIButton+WebCache.m in Sources */,
				B23260D819C8230100089309 /* MJRefreshFooterView.m in Sources */,
				B25304CC19C962C80098AB23 /* NSData+ImageContentType.m in Sources */,
				B25304CF19C962C80098AB23 /* SDWebImageDecoder.m in Sources */,
				B23260D719C8230100089309 /* MJRefreshConst.m in Sources */,
				B25304A219C932290098AB23 /* StatusCell.m in Sources */,
				B28F55CF19C47E07003EF286 /* AFURLRequestSerialization.m in Sources */,
				B28F55CD19C47E07003EF286 /* AFSecurityPolicy.m in Sources */,
				B23260D619C8230100089309 /* MJRefreshBaseView.m in Sources */,
				B25304D219C962C80098AB23 /* SDWebImageManager.m in Sources */,
				B2FF538D19C5836C00835A7E /* HomeController.m in Sources */,
				B25304CB19C962C80098AB23 /* MKAnnotationView+WebCache.m in Sources */,
				B23260DC19C8230100089309 /* UIView+MJExtension.m in Sources */,
				B25304CE19C962C80098AB23 /* SDWebImageCompat.m in Sources */,
				B25304CD19C962C80098AB23 /* SDImageCache.m in Sources */,
				B28F55C919C47E07003EF286 /* AFHTTPRequestOperation.m in Sources */,
				B25304D319C962C80098AB23 /* SDWebImagePrefetcher.m in Sources */,
				B25304D819C962C80098AB23 /* UIImageView+HighlightedWebCache.m in Sources */,
				B23260B919C7BAF000089309 /* UserHelper.m in Sources */,
				B23260D919C8230100089309 /* MJRefreshHeaderView.m in Sources */,
				B25304D919C962C80098AB23 /* UIImageView+WebCache.m in Sources */,
				B23260DB19C8230100089309 /* UIScrollView+MJRefresh.m in Sources */,
				B2FF539519C5859A00835A7E /* MainNavigationController.m in Sources */,
				B23260BF19C7BD4500089309 /* Status.m in Sources */,
				B28F55D119C47E07003EF286 /* AFURLSessionManager.m in Sources */,
				B25304D719C962C80098AB23 /* UIImage+WebP.m in Sources */,
				B225AFD719C4780200541DF9 /* UIImage+Extend.m in Sources */,
				B23260A419C6E05400089309 /* UserController.m in Sources */,
				B25304D619C962C80098AB23 /* UIImage+MultiFormat.m in Sources */,
				B25304D519C962C80098AB23 /* UIImage+GIF.m in Sources */,
				B232609519C6DF8000089309 /* SearchController.m in Sources */,
				B2E8D90219C21AA10095AA22 /* AppDelegate.m in Sources */,
				B253049119C88A780098AB23 /* CustomGroupTableView.m in Sources */,
				B232607719C6CA8B00089309 /* MessageController.m in Sources */,
				B23260B819C7BAF000089309 /* User.m in Sources */,
				B28F55CB19C47E07003EF286 /* AFHTTPSessionManager.m in Sources */,
				B28F55A819C47C5C003EF286 /* MBProgressHUD.m in Sources */,
				B23260BC19C7BBBC00089309 /* Account.m in Sources */,
				B25304D119C962C80098AB23 /* SDWebImageDownloaderOperation.m in Sources */,
				B23260A119C6DFF900089309 /* SettingController.m in Sources */,
				B25304D019C962C80098AB23 /* SDWebImageDownloader.m in Sources */,
				B28F55CC19C47E07003EF286 /* AFNetworkReachabilityManager.m in Sources */,
				B28F55D719C48260003EF286 /* HttpHelper.m in Sources */,
				B232609819C6DFAF00089309 /* PostController.m in Sources */,
				B2FF536719C5713800835A7E /* MainController.m in Sources */,
				B25304A819C95FE90098AB23 /* StatusCellFrame.m in Sources */,
				B25304A519C93D500098AB23 /* StatusHelper.m in Sources */,
				B25304DA19C962C80098AB23 /* UIView+WebCacheOperation.m in Sources */,
				B28F55CA19C47E07003EF286 /* AFHTTPRequestOperationManager.m in Sources */,
			);
			runOnlyForDeploymentPostprocessing = 0;
		};
		B2DFAFFF19C2110C0022ACC9 /* Sources */ = {
			isa = PBXSourcesBuildPhase;
			buildActionMask = 2147483647;
			files = (
				B2DFB01119C2110C0022ACC9 /* ios_HomebrewWeiboTests.m in Sources */,
			);
			runOnlyForDeploymentPostprocessing = 0;
		};
/* End PBXSourcesBuildPhase section */

/* Begin PBXTargetDependency section */
		B2DFB00919C2110C0022ACC9 /* PBXTargetDependency */ = {
			isa = PBXTargetDependency;
			target = B2DFAFE719C2110B0022ACC9 /* ios_HomebrewWeibo */;
			targetProxy = B2DFB00819C2110C0022ACC9 /* PBXContainerItemProxy */;
		};
/* End PBXTargetDependency section */

/* Begin PBXVariantGroup section */
		B2DFAFF419C2110C0022ACC9 /* InfoPlist.strings */ = {
			isa = PBXVariantGroup;
			children = (
				B2DFAFF519C2110C0022ACC9 /* en */,
			);
			name = InfoPlist.strings;
			sourceTree = "<group>";
		};
		B2DFB00D19C2110C0022ACC9 /* InfoPlist.strings */ = {
			isa = PBXVariantGroup;
			children = (
				B2DFB00E19C2110C0022ACC9 /* en */,
			);
			name = InfoPlist.strings;
			sourceTree = "<group>";
		};
/* End PBXVariantGroup section */

/* Begin XCBuildConfiguration section */
		B2DFB01219C2110C0022ACC9 /* Debug */ = {
			isa = XCBuildConfiguration;
			buildSettings = {
				ALWAYS_SEARCH_USER_PATHS = NO;
				CLANG_CXX_LANGUAGE_STANDARD = "gnu++0x";
				CLANG_CXX_LIBRARY = "libc++";
				CLANG_ENABLE_MODULES = YES;
				CLANG_ENABLE_OBJC_ARC = YES;
				CLANG_WARN_BOOL_CONVERSION = YES;
				CLANG_WARN_CONSTANT_CONVERSION = YES;
				CLANG_WARN_DIRECT_OBJC_ISA_USAGE = YES_ERROR;
				CLANG_WARN_EMPTY_BODY = YES;
				CLANG_WARN_ENUM_CONVERSION = YES;
				CLANG_WARN_INT_CONVERSION = YES;
				CLANG_WARN_OBJC_ROOT_CLASS = YES_ERROR;
				CLANG_WARN__DUPLICATE_METHOD_MATCH = YES;
				"CODE_SIGN_IDENTITY[sdk=iphoneos*]" = "iPhone Developer";
				COPY_PHASE_STRIP = NO;
				GCC_C_LANGUAGE_STANDARD = gnu99;
				GCC_DYNAMIC_NO_PIC = NO;
				GCC_OPTIMIZATION_LEVEL = 0;
				GCC_PREPROCESSOR_DEFINITIONS = (
					"DEBUG=1",
					"$(inherited)",
				);
				GCC_SYMBOLS_PRIVATE_EXTERN = NO;
				GCC_WARN_64_TO_32_BIT_CONVERSION = YES;
				GCC_WARN_ABOUT_RETURN_TYPE = YES_ERROR;
				GCC_WARN_UNDECLARED_SELECTOR = YES;
				GCC_WARN_UNINITIALIZED_AUTOS = YES_AGGRESSIVE;
				GCC_WARN_UNUSED_FUNCTION = YES;
				GCC_WARN_UNUSED_VARIABLE = YES;
				IPHONEOS_DEPLOYMENT_TARGET = 7.0;
				ONLY_ACTIVE_ARCH = YES;
				SDKROOT = iphoneos;
			};
			name = Debug;
		};
		B2DFB01319C2110C0022ACC9 /* Release */ = {
			isa = XCBuildConfiguration;
			buildSettings = {
				ALWAYS_SEARCH_USER_PATHS = NO;
				CLANG_CXX_LANGUAGE_STANDARD = "gnu++0x";
				CLANG_CXX_LIBRARY = "libc++";
				CLANG_ENABLE_MODULES = YES;
				CLANG_ENABLE_OBJC_ARC = YES;
				CLANG_WARN_BOOL_CONVERSION = YES;
				CLANG_WARN_CONSTANT_CONVERSION = YES;
				CLANG_WARN_DIRECT_OBJC_ISA_USAGE = YES_ERROR;
				CLANG_WARN_EMPTY_BODY = YES;
				CLANG_WARN_ENUM_CONVERSION = YES;
				CLANG_WARN_INT_CONVERSION = YES;
				CLANG_WARN_OBJC_ROOT_CLASS = YES_ERROR;
				CLANG_WARN__DUPLICATE_METHOD_MATCH = YES;
				"CODE_SIGN_IDENTITY[sdk=iphoneos*]" = "iPhone Developer";
				COPY_PHASE_STRIP = YES;
				ENABLE_NS_ASSERTIONS = NO;
				GCC_C_LANGUAGE_STANDARD = gnu99;
				GCC_WARN_64_TO_32_BIT_CONVERSION = YES;
				GCC_WARN_ABOUT_RETURN_TYPE = YES_ERROR;
				GCC_WARN_UNDECLARED_SELECTOR = YES;
				GCC_WARN_UNINITIALIZED_AUTOS = YES_AGGRESSIVE;
				GCC_WARN_UNUSED_FUNCTION = YES;
				GCC_WARN_UNUSED_VARIABLE = YES;
				IPHONEOS_DEPLOYMENT_TARGET = 7.0;
				SDKROOT = iphoneos;
				VALIDATE_PRODUCT = YES;
			};
			name = Release;
		};
		B2DFB01519C2110C0022ACC9 /* Debug */ = {
			isa = XCBuildConfiguration;
			buildSettings = {
				ASSETCATALOG_COMPILER_APPICON_NAME = AppIcon;
				ASSETCATALOG_COMPILER_LAUNCHIMAGE_NAME = LaunchImage;
				ASSETCATALOG_NOTICES = YES;
				ASSETCATALOG_WARNINGS = YES;
				GCC_PRECOMPILE_PREFIX_HEADER = YES;
				GCC_PREFIX_HEADER = "ios_HomebrewWeibo/ios_HomebrewWeibo-Prefix.pch";
				INFOPLIST_FILE = "ios_HomebrewWeibo/ios_HomebrewWeibo-Info.plist";
				IPHONEOS_DEPLOYMENT_TARGET = 7.0;
				LIBRARY_SEARCH_PATHS = (
					"$(inherited)",
					"$(PROJECT_DIR)/ios_HomebrewWeibo/Classes/Vendor/libWeiboSDK",
					"$(PROJECT_DIR)/ios_HomebrewWeibo/Classes/Vendors/libWeiboSDK",
				);
				PRODUCT_NAME = "$(TARGET_NAME)";
				WRAPPER_EXTENSION = app;
			};
			name = Debug;
		};
		B2DFB01619C2110C0022ACC9 /* Release */ = {
			isa = XCBuildConfiguration;
			buildSettings = {
				ASSETCATALOG_COMPILER_APPICON_NAME = AppIcon;
				ASSETCATALOG_COMPILER_LAUNCHIMAGE_NAME = LaunchImage;
				ASSETCATALOG_NOTICES = YES;
				ASSETCATALOG_WARNINGS = YES;
				GCC_PRECOMPILE_PREFIX_HEADER = YES;
				GCC_PREFIX_HEADER = "ios_HomebrewWeibo/ios_HomebrewWeibo-Prefix.pch";
				INFOPLIST_FILE = "ios_HomebrewWeibo/ios_HomebrewWeibo-Info.plist";
				IPHONEOS_DEPLOYMENT_TARGET = 7.0;
				LIBRARY_SEARCH_PATHS = (
					"$(inherited)",
					"$(PROJECT_DIR)/ios_HomebrewWeibo/Classes/Vendor/libWeiboSDK",
					"$(PROJECT_DIR)/ios_HomebrewWeibo/Classes/Vendors/libWeiboSDK",
				);
				PRODUCT_NAME = "$(TARGET_NAME)";
				WRAPPER_EXTENSION = app;
			};
			name = Release;
		};
		B2DFB01819C2110C0022ACC9 /* Debug */ = {
			isa = XCBuildConfiguration;
			buildSettings = {
				BUNDLE_LOADER = "$(BUILT_PRODUCTS_DIR)/ios_HomebrewWeibo.app/ios_HomebrewWeibo";
				FRAMEWORK_SEARCH_PATHS = (
					"$(SDKROOT)/Developer/Library/Frameworks",
					"$(inherited)",
					"$(DEVELOPER_FRAMEWORKS_DIR)",
				);
				GCC_PRECOMPILE_PREFIX_HEADER = YES;
				GCC_PREFIX_HEADER = "ios_HomebrewWeibo/ios_HomebrewWeibo-Prefix.pch";
				GCC_PREPROCESSOR_DEFINITIONS = (
					"DEBUG=1",
					"$(inherited)",
				);
				INFOPLIST_FILE = "ios_HomebrewWeiboTests/ios_HomebrewWeiboTests-Info.plist";
				PRODUCT_NAME = "$(TARGET_NAME)";
				TEST_HOST = "$(BUNDLE_LOADER)";
				WRAPPER_EXTENSION = xctest;
			};
			name = Debug;
		};
		B2DFB01919C2110C0022ACC9 /* Release */ = {
			isa = XCBuildConfiguration;
			buildSettings = {
				BUNDLE_LOADER = "$(BUILT_PRODUCTS_DIR)/ios_HomebrewWeibo.app/ios_HomebrewWeibo";
				FRAMEWORK_SEARCH_PATHS = (
					"$(SDKROOT)/Developer/Library/Frameworks",
					"$(inherited)",
					"$(DEVELOPER_FRAMEWORKS_DIR)",
				);
				GCC_PRECOMPILE_PREFIX_HEADER = YES;
				GCC_PREFIX_HEADER = "ios_HomebrewWeibo/ios_HomebrewWeibo-Prefix.pch";
				INFOPLIST_FILE = "ios_HomebrewWeiboTests/ios_HomebrewWeiboTests-Info.plist";
				PRODUCT_NAME = "$(TARGET_NAME)";
				TEST_HOST = "$(BUNDLE_LOADER)";
				WRAPPER_EXTENSION = xctest;
			};
			name = Release;
		};
/* End XCBuildConfiguration section */

/* Begin XCConfigurationList section */
		B2DFAFE319C2110B0022ACC9 /* Build configuration list for PBXProject "ios_HomebrewWeibo" */ = {
			isa = XCConfigurationList;
			buildConfigurations = (
				B2DFB01219C2110C0022ACC9 /* Debug */,
				B2DFB01319C2110C0022ACC9 /* Release */,
			);
			defaultConfigurationIsVisible = 0;
			defaultConfigurationName = Release;
		};
		B2DFB01419C2110C0022ACC9 /* Build configuration list for PBXNativeTarget "ios_HomebrewWeibo" */ = {
			isa = XCConfigurationList;
			buildConfigurations = (
				B2DFB01519C2110C0022ACC9 /* Debug */,
				B2DFB01619C2110C0022ACC9 /* Release */,
			);
			defaultConfigurationIsVisible = 0;
			defaultConfigurationName = Release;
		};
		B2DFB01719C2110C0022ACC9 /* Build configuration list for PBXNativeTarget "ios_HomebrewWeiboTests" */ = {
			isa = XCConfigurationList;
			buildConfigurations = (
				B2DFB01819C2110C0022ACC9 /* Debug */,
				B2DFB01919C2110C0022ACC9 /* Release */,
			);
			defaultConfigurationIsVisible = 0;
			defaultConfigurationName = Release;
		};
/* End XCConfigurationList section */
	};
	rootObject = B2DFAFE019C2110B0022ACC9 /* Project object */;
}
